// !$*UTF8*$!
{
	archiveVersion = 1;
	classes = {
	};
	objectVersion = 46;
	objects = {

/* Begin PBXBuildFile section */
		752BB6D71BE8D4A6001B8A25 /* UIColorTests.swift in Sources */ = {isa = PBXBuildFile; fileRef = 752BB6D61BE8D4A6001B8A25 /* UIColorTests.swift */; };
		753298641BE8C7BF00FD8252 /* CGRect+DKHelper.m in Sources */ = {isa = PBXBuildFile; fileRef = 753298411BE8C7BF00FD8252 /* CGRect+DKHelper.m */; };
		753298651BE8C7BF00FD8252 /* CGRect+DKHelper.m in Sources */ = {isa = PBXBuildFile; fileRef = 753298411BE8C7BF00FD8252 /* CGRect+DKHelper.m */; };
		753298661BE8C7BF00FD8252 /* CGSize+DKHelper.m in Sources */ = {isa = PBXBuildFile; fileRef = 753298431BE8C7BF00FD8252 /* CGSize+DKHelper.m */; };
		753298671BE8C7BF00FD8252 /* CGSize+DKHelper.m in Sources */ = {isa = PBXBuildFile; fileRef = 753298431BE8C7BF00FD8252 /* CGSize+DKHelper.m */; };
		753298681BE8C7BF00FD8252 /* DKHelper.m in Sources */ = {isa = PBXBuildFile; fileRef = 753298451BE8C7BF00FD8252 /* DKHelper.m */; };
		753298691BE8C7BF00FD8252 /* DKHelper.m in Sources */ = {isa = PBXBuildFile; fileRef = 753298451BE8C7BF00FD8252 /* DKHelper.m */; };
		7532986A1BE8C7BF00FD8252 /* DKRegex.m in Sources */ = {isa = PBXBuildFile; fileRef = 753298471BE8C7BF00FD8252 /* DKRegex.m */; };
		7532986B1BE8C7BF00FD8252 /* DKRegex.m in Sources */ = {isa = PBXBuildFile; fileRef = 753298471BE8C7BF00FD8252 /* DKRegex.m */; };
		7532986C1BE8C7BF00FD8252 /* NSArray+DKHelper.m in Sources */ = {isa = PBXBuildFile; fileRef = 753298491BE8C7BF00FD8252 /* NSArray+DKHelper.m */; };
		7532986D1BE8C7BF00FD8252 /* NSArray+DKHelper.m in Sources */ = {isa = PBXBuildFile; fileRef = 753298491BE8C7BF00FD8252 /* NSArray+DKHelper.m */; };
		7532986E1BE8C7BF00FD8252 /* NSBundle+DKHelper.m in Sources */ = {isa = PBXBuildFile; fileRef = 7532984B1BE8C7BF00FD8252 /* NSBundle+DKHelper.m */; };
		7532986F1BE8C7BF00FD8252 /* NSBundle+DKHelper.m in Sources */ = {isa = PBXBuildFile; fileRef = 7532984B1BE8C7BF00FD8252 /* NSBundle+DKHelper.m */; };
		753298701BE8C7BF00FD8252 /* NSDate+DKHelper.m in Sources */ = {isa = PBXBuildFile; fileRef = 7532984D1BE8C7BF00FD8252 /* NSDate+DKHelper.m */; };
		753298711BE8C7BF00FD8252 /* NSDate+DKHelper.m in Sources */ = {isa = PBXBuildFile; fileRef = 7532984D1BE8C7BF00FD8252 /* NSDate+DKHelper.m */; };
		753298721BE8C7BF00FD8252 /* NSNumber+DKHelper.m in Sources */ = {isa = PBXBuildFile; fileRef = 7532984F1BE8C7BF00FD8252 /* NSNumber+DKHelper.m */; };
		753298731BE8C7BF00FD8252 /* NSNumber+DKHelper.m in Sources */ = {isa = PBXBuildFile; fileRef = 7532984F1BE8C7BF00FD8252 /* NSNumber+DKHelper.m */; };
		753298741BE8C7BF00FD8252 /* NSObject+DKHelper.m in Sources */ = {isa = PBXBuildFile; fileRef = 753298511BE8C7BF00FD8252 /* NSObject+DKHelper.m */; };
		753298751BE8C7BF00FD8252 /* NSObject+DKHelper.m in Sources */ = {isa = PBXBuildFile; fileRef = 753298511BE8C7BF00FD8252 /* NSObject+DKHelper.m */; };
		753298761BE8C7BF00FD8252 /* NSOperationQueue+DKHelper.m in Sources */ = {isa = PBXBuildFile; fileRef = 753298531BE8C7BF00FD8252 /* NSOperationQueue+DKHelper.m */; };
		753298771BE8C7BF00FD8252 /* NSOperationQueue+DKHelper.m in Sources */ = {isa = PBXBuildFile; fileRef = 753298531BE8C7BF00FD8252 /* NSOperationQueue+DKHelper.m */; };
		753298781BE8C7BF00FD8252 /* NSPredicate+DKHelper.m in Sources */ = {isa = PBXBuildFile; fileRef = 753298551BE8C7BF00FD8252 /* NSPredicate+DKHelper.m */; };
		753298791BE8C7BF00FD8252 /* NSPredicate+DKHelper.m in Sources */ = {isa = PBXBuildFile; fileRef = 753298551BE8C7BF00FD8252 /* NSPredicate+DKHelper.m */; };
		7532987A1BE8C7BF00FD8252 /* NSString+DKHelper.m in Sources */ = {isa = PBXBuildFile; fileRef = 753298571BE8C7BF00FD8252 /* NSString+DKHelper.m */; };
		7532987B1BE8C7BF00FD8252 /* NSString+DKHelper.m in Sources */ = {isa = PBXBuildFile; fileRef = 753298571BE8C7BF00FD8252 /* NSString+DKHelper.m */; };
		7532987C1BE8C7BF00FD8252 /* UIColor+DKHelper.m in Sources */ = {isa = PBXBuildFile; fileRef = 753298591BE8C7BF00FD8252 /* UIColor+DKHelper.m */; };
		7532987D1BE8C7BF00FD8252 /* UIColor+DKHelper.m in Sources */ = {isa = PBXBuildFile; fileRef = 753298591BE8C7BF00FD8252 /* UIColor+DKHelper.m */; };
		7532987E1BE8C7BF00FD8252 /* UIDevice+DKHelper.m in Sources */ = {isa = PBXBuildFile; fileRef = 7532985B1BE8C7BF00FD8252 /* UIDevice+DKHelper.m */; };
		7532987F1BE8C7BF00FD8252 /* UIDevice+DKHelper.m in Sources */ = {isa = PBXBuildFile; fileRef = 7532985B1BE8C7BF00FD8252 /* UIDevice+DKHelper.m */; };
		753298801BE8C7BF00FD8252 /* UIImage+DKHelper.m in Sources */ = {isa = PBXBuildFile; fileRef = 7532985D1BE8C7BF00FD8252 /* UIImage+DKHelper.m */; };
		753298811BE8C7BF00FD8252 /* UIImage+DKHelper.m in Sources */ = {isa = PBXBuildFile; fileRef = 7532985D1BE8C7BF00FD8252 /* UIImage+DKHelper.m */; };
		753298821BE8C7BF00FD8252 /* UIImageView+DKHelper.m in Sources */ = {isa = PBXBuildFile; fileRef = 7532985F1BE8C7BF00FD8252 /* UIImageView+DKHelper.m */; };
		753298831BE8C7BF00FD8252 /* UIImageView+DKHelper.m in Sources */ = {isa = PBXBuildFile; fileRef = 7532985F1BE8C7BF00FD8252 /* UIImageView+DKHelper.m */; };
		753298841BE8C7BF00FD8252 /* UIScreen+DKHelper.m in Sources */ = {isa = PBXBuildFile; fileRef = 753298611BE8C7BF00FD8252 /* UIScreen+DKHelper.m */; };
		753298851BE8C7BF00FD8252 /* UIScreen+DKHelper.m in Sources */ = {isa = PBXBuildFile; fileRef = 753298611BE8C7BF00FD8252 /* UIScreen+DKHelper.m */; };
		753298861BE8C7BF00FD8252 /* UIView+DKHelper.m in Sources */ = {isa = PBXBuildFile; fileRef = 753298631BE8C7BF00FD8252 /* UIView+DKHelper.m */; };
		753298871BE8C7BF00FD8252 /* UIView+DKHelper.m in Sources */ = {isa = PBXBuildFile; fileRef = 753298631BE8C7BF00FD8252 /* UIView+DKHelper.m */; };
		756001071BEBC2E200E0605C /* NSBundleTests.swift in Sources */ = {isa = PBXBuildFile; fileRef = 756001061BEBC2E200E0605C /* NSBundleTests.swift */; };
		7562520D1BEB504400A31234 /* Localizable.strings in Resources */ = {isa = PBXBuildFile; fileRef = 7562520C1BEB504400A31234 /* Localizable.strings */; };
		7562520E1BEB504400A31234 /* Localizable.strings in Resources */ = {isa = PBXBuildFile; fileRef = 7562520C1BEB504400A31234 /* Localizable.strings */; };
		756CC00C1BEA0304003FBDC8 /* CGRectTests.swift in Sources */ = {isa = PBXBuildFile; fileRef = 756CC00B1BEA0304003FBDC8 /* CGRectTests.swift */; };
		759A46811BEBD14400FFAB39 /* UIViewTests.swift in Sources */ = {isa = PBXBuildFile; fileRef = 759A46801BEBD14400FFAB39 /* UIViewTests.swift */; };
		75B8D4961BF0F087008930B1 /* DKViewTest.xib in Resources */ = {isa = PBXBuildFile; fileRef = 75B8D4951BF0F087008930B1 /* DKViewTest.xib */; };
		75B8D4981BF0F095008930B1 /* DKViewTest.swift in Sources */ = {isa = PBXBuildFile; fileRef = 75B8D4971BF0F095008930B1 /* DKViewTest.swift */; };
		75B8D4991BF0F128008930B1 /* DKViewTest.xib in Resources */ = {isa = PBXBuildFile; fileRef = 75B8D4951BF0F087008930B1 /* DKViewTest.xib */; };
		75B8D49A1BF0F128008930B1 /* DKViewTest.swift in Sources */ = {isa = PBXBuildFile; fileRef = 75B8D4971BF0F095008930B1 /* DKViewTest.swift */; };
		75B8D49C1BF0F59E008930B1 /* UIScreenTests.swift in Sources */ = {isa = PBXBuildFile; fileRef = 75B8D49B1BF0F59E008930B1 /* UIScreenTests.swift */; };
		75C5B81B1BE8FD7F001B46BA /* NSStringTests.swift in Sources */ = {isa = PBXBuildFile; fileRef = 75C5B81A1BE8FD7F001B46BA /* NSStringTests.swift */; };
		75D011EF1BEB80FE003C6E9A /* NSArrayTests.swift in Sources */ = {isa = PBXBuildFile; fileRef = 75D011EE1BEB80FE003C6E9A /* NSArrayTests.swift */; };
		75D011F11BEB82B4003C6E9A /* DKRegexTests.swift in Sources */ = {isa = PBXBuildFile; fileRef = 75D011F01BEB82B4003C6E9A /* DKRegexTests.swift */; };
		75D011F31BEB945B003C6E9A /* NSNumberTests.swift in Sources */ = {isa = PBXBuildFile; fileRef = 75D011F21BEB945B003C6E9A /* NSNumberTests.swift */; };
		75D011F51BEB95A1003C6E9A /* CGSizeTests.swift in Sources */ = {isa = PBXBuildFile; fileRef = 75D011F41BEB95A1003C6E9A /* CGSizeTests.swift */; };
		75D011F71BEBAFDB003C6E9A /* UIImageTests.swift in Sources */ = {isa = PBXBuildFile; fileRef = 75D011F61BEBAFDB003C6E9A /* UIImageTests.swift */; };
		75D172051BE8C62500AE890C /* AppDelegate.swift in Sources */ = {isa = PBXBuildFile; fileRef = 75D172041BE8C62500AE890C /* AppDelegate.swift */; };
		75D172071BE8C62500AE890C /* DKViewController.swift in Sources */ = {isa = PBXBuildFile; fileRef = 75D172061BE8C62500AE890C /* DKViewController.swift */; };
		75D1720A1BE8C62500AE890C /* Main.storyboard in Resources */ = {isa = PBXBuildFile; fileRef = 75D172081BE8C62500AE890C /* Main.storyboard */; };
		75D1720C1BE8C62500AE890C /* Assets.xcassets in Resources */ = {isa = PBXBuildFile; fileRef = 75D1720B1BE8C62500AE890C /* Assets.xcassets */; };
		75D1720F1BE8C62500AE890C /* LaunchScreen.storyboard in Resources */ = {isa = PBXBuildFile; fileRef = 75D1720D1BE8C62500AE890C /* LaunchScreen.storyboard */; };
		75D1721A1BE8C62500AE890C /* DKHelperTests.swift in Sources */ = {isa = PBXBuildFile; fileRef = 75D172191BE8C62500AE890C /* DKHelperTests.swift */; };
/* End PBXBuildFile section */

/* Begin PBXContainerItemProxy section */
		75D172161BE8C62500AE890C /* PBXContainerItemProxy */ = {
			isa = PBXContainerItemProxy;
			containerPortal = 75D171F91BE8C62500AE890C /* Project object */;
			proxyType = 1;
			remoteGlobalIDString = 75D172001BE8C62500AE890C;
			remoteInfo = DKHelper;
		};
/* End PBXContainerItemProxy section */

/* Begin PBXFileReference section */
		752BB6D61BE8D4A6001B8A25 /* UIColorTests.swift */ = {isa = PBXFileReference; fileEncoding = 4; lastKnownFileType = sourcecode.swift; path = UIColorTests.swift; sourceTree = "<group>"; };
		753298401BE8C7BF00FD8252 /* CGRect+DKHelper.h */ = {isa = PBXFileReference; fileEncoding = 4; lastKnownFileType = sourcecode.c.h; name = "CGRect+DKHelper.h"; path = "../DKHelper/CGRect+DKHelper.h"; sourceTree = "<group>"; };
		753298411BE8C7BF00FD8252 /* CGRect+DKHelper.m */ = {isa = PBXFileReference; fileEncoding = 4; lastKnownFileType = sourcecode.c.objc; name = "CGRect+DKHelper.m"; path = "../DKHelper/CGRect+DKHelper.m"; sourceTree = "<group>"; };
		753298421BE8C7BF00FD8252 /* CGSize+DKHelper.h */ = {isa = PBXFileReference; fileEncoding = 4; lastKnownFileType = sourcecode.c.h; name = "CGSize+DKHelper.h"; path = "../DKHelper/CGSize+DKHelper.h"; sourceTree = "<group>"; };
		753298431BE8C7BF00FD8252 /* CGSize+DKHelper.m */ = {isa = PBXFileReference; fileEncoding = 4; lastKnownFileType = sourcecode.c.objc; name = "CGSize+DKHelper.m"; path = "../DKHelper/CGSize+DKHelper.m"; sourceTree = "<group>"; };
		753298441BE8C7BF00FD8252 /* DKHelper.h */ = {isa = PBXFileReference; fileEncoding = 4; lastKnownFileType = sourcecode.c.h; name = DKHelper.h; path = ../DKHelper/DKHelper.h; sourceTree = "<group>"; };
		753298451BE8C7BF00FD8252 /* DKHelper.m */ = {isa = PBXFileReference; fileEncoding = 4; lastKnownFileType = sourcecode.c.objc; name = DKHelper.m; path = ../DKHelper/DKHelper.m; sourceTree = "<group>"; };
		753298461BE8C7BF00FD8252 /* DKRegex.h */ = {isa = PBXFileReference; fileEncoding = 4; lastKnownFileType = sourcecode.c.h; name = DKRegex.h; path = ../DKHelper/DKRegex.h; sourceTree = "<group>"; };
		753298471BE8C7BF00FD8252 /* DKRegex.m */ = {isa = PBXFileReference; fileEncoding = 4; lastKnownFileType = sourcecode.c.objc; name = DKRegex.m; path = ../DKHelper/DKRegex.m; sourceTree = "<group>"; };
		753298481BE8C7BF00FD8252 /* NSArray+DKHelper.h */ = {isa = PBXFileReference; fileEncoding = 4; lastKnownFileType = sourcecode.c.h; name = "NSArray+DKHelper.h"; path = "../DKHelper/NSArray+DKHelper.h"; sourceTree = "<group>"; };
		753298491BE8C7BF00FD8252 /* NSArray+DKHelper.m */ = {isa = PBXFileReference; fileEncoding = 4; lastKnownFileType = sourcecode.c.objc; name = "NSArray+DKHelper.m"; path = "../DKHelper/NSArray+DKHelper.m"; sourceTree = "<group>"; };
		7532984A1BE8C7BF00FD8252 /* NSBundle+DKHelper.h */ = {isa = PBXFileReference; fileEncoding = 4; lastKnownFileType = sourcecode.c.h; name = "NSBundle+DKHelper.h"; path = "../DKHelper/NSBundle+DKHelper.h"; sourceTree = "<group>"; };
		7532984B1BE8C7BF00FD8252 /* NSBundle+DKHelper.m */ = {isa = PBXFileReference; fileEncoding = 4; lastKnownFileType = sourcecode.c.objc; name = "NSBundle+DKHelper.m"; path = "../DKHelper/NSBundle+DKHelper.m"; sourceTree = "<group>"; };
		7532984C1BE8C7BF00FD8252 /* NSDate+DKHelper.h */ = {isa = PBXFileReference; fileEncoding = 4; lastKnownFileType = sourcecode.c.h; name = "NSDate+DKHelper.h"; path = "../DKHelper/NSDate+DKHelper.h"; sourceTree = "<group>"; };
		7532984D1BE8C7BF00FD8252 /* NSDate+DKHelper.m */ = {isa = PBXFileReference; fileEncoding = 4; lastKnownFileType = sourcecode.c.objc; name = "NSDate+DKHelper.m"; path = "../DKHelper/NSDate+DKHelper.m"; sourceTree = "<group>"; };
		7532984E1BE8C7BF00FD8252 /* NSNumber+DKHelper.h */ = {isa = PBXFileReference; fileEncoding = 4; lastKnownFileType = sourcecode.c.h; name = "NSNumber+DKHelper.h"; path = "../DKHelper/NSNumber+DKHelper.h"; sourceTree = "<group>"; };
		7532984F1BE8C7BF00FD8252 /* NSNumber+DKHelper.m */ = {isa = PBXFileReference; fileEncoding = 4; lastKnownFileType = sourcecode.c.objc; name = "NSNumber+DKHelper.m"; path = "../DKHelper/NSNumber+DKHelper.m"; sourceTree = "<group>"; };
		753298501BE8C7BF00FD8252 /* NSObject+DKHelper.h */ = {isa = PBXFileReference; fileEncoding = 4; lastKnownFileType = sourcecode.c.h; name = "NSObject+DKHelper.h"; path = "../DKHelper/NSObject+DKHelper.h"; sourceTree = "<group>"; };
		753298511BE8C7BF00FD8252 /* NSObject+DKHelper.m */ = {isa = PBXFileReference; fileEncoding = 4; lastKnownFileType = sourcecode.c.objc; name = "NSObject+DKHelper.m"; path = "../DKHelper/NSObject+DKHelper.m"; sourceTree = "<group>"; };
		753298521BE8C7BF00FD8252 /* NSOperationQueue+DKHelper.h */ = {isa = PBXFileReference; fileEncoding = 4; lastKnownFileType = sourcecode.c.h; name = "NSOperationQueue+DKHelper.h"; path = "../DKHelper/NSOperationQueue+DKHelper.h"; sourceTree = "<group>"; };
		753298531BE8C7BF00FD8252 /* NSOperationQueue+DKHelper.m */ = {isa = PBXFileReference; fileEncoding = 4; lastKnownFileType = sourcecode.c.objc; name = "NSOperationQueue+DKHelper.m"; path = "../DKHelper/NSOperationQueue+DKHelper.m"; sourceTree = "<group>"; };
		753298541BE8C7BF00FD8252 /* NSPredicate+DKHelper.h */ = {isa = PBXFileReference; fileEncoding = 4; lastKnownFileType = sourcecode.c.h; name = "NSPredicate+DKHelper.h"; path = "../DKHelper/NSPredicate+DKHelper.h"; sourceTree = "<group>"; };
		753298551BE8C7BF00FD8252 /* NSPredicate+DKHelper.m */ = {isa = PBXFileReference; fileEncoding = 4; lastKnownFileType = sourcecode.c.objc; name = "NSPredicate+DKHelper.m"; path = "../DKHelper/NSPredicate+DKHelper.m"; sourceTree = "<group>"; };
		753298561BE8C7BF00FD8252 /* NSString+DKHelper.h */ = {isa = PBXFileReference; fileEncoding = 4; lastKnownFileType = sourcecode.c.h; name = "NSString+DKHelper.h"; path = "../DKHelper/NSString+DKHelper.h"; sourceTree = "<group>"; };
		753298571BE8C7BF00FD8252 /* NSString+DKHelper.m */ = {isa = PBXFileReference; fileEncoding = 4; lastKnownFileType = sourcecode.c.objc; name = "NSString+DKHelper.m"; path = "../DKHelper/NSString+DKHelper.m"; sourceTree = "<group>"; };
		753298581BE8C7BF00FD8252 /* UIColor+DKHelper.h */ = {isa = PBXFileReference; fileEncoding = 4; lastKnownFileType = sourcecode.c.h; name = "UIColor+DKHelper.h"; path = "../DKHelper/UIColor+DKHelper.h"; sourceTree = "<group>"; };
		753298591BE8C7BF00FD8252 /* UIColor+DKHelper.m */ = {isa = PBXFileReference; fileEncoding = 4; lastKnownFileType = sourcecode.c.objc; name = "UIColor+DKHelper.m"; path = "../DKHelper/UIColor+DKHelper.m"; sourceTree = "<group>"; };
		7532985A1BE8C7BF00FD8252 /* UIDevice+DKHelper.h */ = {isa = PBXFileReference; fileEncoding = 4; lastKnownFileType = sourcecode.c.h; name = "UIDevice+DKHelper.h"; path = "../DKHelper/UIDevice+DKHelper.h"; sourceTree = "<group>"; };
		7532985B1BE8C7BF00FD8252 /* UIDevice+DKHelper.m */ = {isa = PBXFileReference; fileEncoding = 4; lastKnownFileType = sourcecode.c.objc; name = "UIDevice+DKHelper.m"; path = "../DKHelper/UIDevice+DKHelper.m"; sourceTree = "<group>"; };
		7532985C1BE8C7BF00FD8252 /* UIImage+DKHelper.h */ = {isa = PBXFileReference; fileEncoding = 4; lastKnownFileType = sourcecode.c.h; name = "UIImage+DKHelper.h"; path = "../DKHelper/UIImage+DKHelper.h"; sourceTree = "<group>"; };
		7532985D1BE8C7BF00FD8252 /* UIImage+DKHelper.m */ = {isa = PBXFileReference; fileEncoding = 4; lastKnownFileType = sourcecode.c.objc; name = "UIImage+DKHelper.m"; path = "../DKHelper/UIImage+DKHelper.m"; sourceTree = "<group>"; };
		7532985E1BE8C7BF00FD8252 /* UIImageView+DKHelper.h */ = {isa = PBXFileReference; fileEncoding = 4; lastKnownFileType = sourcecode.c.h; name = "UIImageView+DKHelper.h"; path = "../DKHelper/UIImageView+DKHelper.h"; sourceTree = "<group>"; };
		7532985F1BE8C7BF00FD8252 /* UIImageView+DKHelper.m */ = {isa = PBXFileReference; fileEncoding = 4; lastKnownFileType = sourcecode.c.objc; name = "UIImageView+DKHelper.m"; path = "../DKHelper/UIImageView+DKHelper.m"; sourceTree = "<group>"; };
		753298601BE8C7BF00FD8252 /* UIScreen+DKHelper.h */ = {isa = PBXFileReference; fileEncoding = 4; lastKnownFileType = sourcecode.c.h; name = "UIScreen+DKHelper.h"; path = "../DKHelper/UIScreen+DKHelper.h"; sourceTree = "<group>"; };
		753298611BE8C7BF00FD8252 /* UIScreen+DKHelper.m */ = {isa = PBXFileReference; fileEncoding = 4; lastKnownFileType = sourcecode.c.objc; name = "UIScreen+DKHelper.m"; path = "../DKHelper/UIScreen+DKHelper.m"; sourceTree = "<group>"; };
		753298621BE8C7BF00FD8252 /* UIView+DKHelper.h */ = {isa = PBXFileReference; fileEncoding = 4; lastKnownFileType = sourcecode.c.h; name = "UIView+DKHelper.h"; path = "../DKHelper/UIView+DKHelper.h"; sourceTree = "<group>"; };
		753298631BE8C7BF00FD8252 /* UIView+DKHelper.m */ = {isa = PBXFileReference; fileEncoding = 4; lastKnownFileType = sourcecode.c.objc; name = "UIView+DKHelper.m"; path = "../DKHelper/UIView+DKHelper.m"; sourceTree = "<group>"; };
		7532988B1BE8C81D00FD8252 /* DKHelper-Bridging-Header.h */ = {isa = PBXFileReference; fileEncoding = 4; lastKnownFileType = sourcecode.c.h; path = "DKHelper-Bridging-Header.h"; sourceTree = "<group>"; };
		756001061BEBC2E200E0605C /* NSBundleTests.swift */ = {isa = PBXFileReference; fileEncoding = 4; lastKnownFileType = sourcecode.swift; path = NSBundleTests.swift; sourceTree = "<group>"; };
		7562520C1BEB504400A31234 /* Localizable.strings */ = {isa = PBXFileReference; fileEncoding = 4; lastKnownFileType = text.plist.strings; path = Localizable.strings; sourceTree = "<group>"; };
		756CC00B1BEA0304003FBDC8 /* CGRectTests.swift */ = {isa = PBXFileReference; fileEncoding = 4; lastKnownFileType = sourcecode.swift; path = CGRectTests.swift; sourceTree = "<group>"; };
		759A46801BEBD14400FFAB39 /* UIViewTests.swift */ = {isa = PBXFileReference; fileEncoding = 4; lastKnownFileType = sourcecode.swift; path = UIViewTests.swift; sourceTree = "<group>"; };
		75B8D4951BF0F087008930B1 /* DKViewTest.xib */ = {isa = PBXFileReference; fileEncoding = 4; lastKnownFileType = file.xib; name = DKViewTest.xib; path = Resources/DKViewTest.xib; sourceTree = "<group>"; };
		75B8D4971BF0F095008930B1 /* DKViewTest.swift */ = {isa = PBXFileReference; fileEncoding = 4; lastKnownFileType = sourcecode.swift; name = DKViewTest.swift; path = Resources/DKViewTest.swift; sourceTree = "<group>"; };
		75B8D49B1BF0F59E008930B1 /* UIScreenTests.swift */ = {isa = PBXFileReference; fileEncoding = 4; lastKnownFileType = sourcecode.swift; path = UIScreenTests.swift; sourceTree = "<group>"; };
		75C5B81A1BE8FD7F001B46BA /* NSStringTests.swift */ = {isa = PBXFileReference; fileEncoding = 4; lastKnownFileType = sourcecode.swift; path = NSStringTests.swift; sourceTree = "<group>"; };
		75D011EE1BEB80FE003C6E9A /* NSArrayTests.swift */ = {isa = PBXFileReference; fileEncoding = 4; lastKnownFileType = sourcecode.swift; path = NSArrayTests.swift; sourceTree = "<group>"; };
		75D011F01BEB82B4003C6E9A /* DKRegexTests.swift */ = {isa = PBXFileReference; fileEncoding = 4; lastKnownFileType = sourcecode.swift; path = DKRegexTests.swift; sourceTree = "<group>"; };
		75D011F21BEB945B003C6E9A /* NSNumberTests.swift */ = {isa = PBXFileReference; fileEncoding = 4; lastKnownFileType = sourcecode.swift; path = NSNumberTests.swift; sourceTree = "<group>"; };
		75D011F41BEB95A1003C6E9A /* CGSizeTests.swift */ = {isa = PBXFileReference; fileEncoding = 4; lastKnownFileType = sourcecode.swift; path = CGSizeTests.swift; sourceTree = "<group>"; };
		75D011F61BEBAFDB003C6E9A /* UIImageTests.swift */ = {isa = PBXFileReference; fileEncoding = 4; lastKnownFileType = sourcecode.swift; path = UIImageTests.swift; sourceTree = "<group>"; };
		75D172011BE8C62500AE890C /* DKHelper.app */ = {isa = PBXFileReference; explicitFileType = wrapper.application; includeInIndex = 0; path = DKHelper.app; sourceTree = BUILT_PRODUCTS_DIR; };
		75D172041BE8C62500AE890C /* AppDelegate.swift */ = {isa = PBXFileReference; lastKnownFileType = sourcecode.swift; path = AppDelegate.swift; sourceTree = "<group>"; };
		75D172061BE8C62500AE890C /* DKViewController.swift */ = {isa = PBXFileReference; lastKnownFileType = sourcecode.swift; path = DKViewController.swift; sourceTree = "<group>"; };
		75D172091BE8C62500AE890C /* Base */ = {isa = PBXFileReference; lastKnownFileType = file.storyboard; name = Base; path = Base.lproj/Main.storyboard; sourceTree = "<group>"; };
		75D1720B1BE8C62500AE890C /* Assets.xcassets */ = {isa = PBXFileReference; lastKnownFileType = folder.assetcatalog; path = Assets.xcassets; sourceTree = "<group>"; };
		75D1720E1BE8C62500AE890C /* Base */ = {isa = PBXFileReference; lastKnownFileType = file.storyboard; name = Base; path = Base.lproj/LaunchScreen.storyboard; sourceTree = "<group>"; };
		75D172101BE8C62500AE890C /* Info.plist */ = {isa = PBXFileReference; lastKnownFileType = text.plist.xml; path = Info.plist; sourceTree = "<group>"; };
		75D172151BE8C62500AE890C /* DKHelperTests.xctest */ = {isa = PBXFileReference; explicitFileType = wrapper.cfbundle; includeInIndex = 0; path = DKHelperTests.xctest; sourceTree = BUILT_PRODUCTS_DIR; };
		75D172191BE8C62500AE890C /* DKHelperTests.swift */ = {isa = PBXFileReference; lastKnownFileType = sourcecode.swift; path = DKHelperTests.swift; sourceTree = "<group>"; };
		75D1721B1BE8C62500AE890C /* Info.plist */ = {isa = PBXFileReference; lastKnownFileType = text.plist.xml; path = Info.plist; sourceTree = "<group>"; };
/* End PBXFileReference section */

/* Begin PBXFrameworksBuildPhase section */
		75D171FE1BE8C62500AE890C /* Frameworks */ = {
			isa = PBXFrameworksBuildPhase;
			buildActionMask = 2147483647;
			files = (
			);
			runOnlyForDeploymentPostprocessing = 0;
		};
		75D172121BE8C62500AE890C /* Frameworks */ = {
			isa = PBXFrameworksBuildPhase;
			buildActionMask = 2147483647;
			files = (
			);
			runOnlyForDeploymentPostprocessing = 0;
		};
/* End PBXFrameworksBuildPhase section */

/* Begin PBXGroup section */
		7532983D1BE8C7AA00FD8252 /* Sources */ = {
			isa = PBXGroup;
			children = (
				759A467E1BEBD09700FFAB39 /* Not Tested */,
				753298401BE8C7BF00FD8252 /* CGRect+DKHelper.h */,
				753298411BE8C7BF00FD8252 /* CGRect+DKHelper.m */,
				753298421BE8C7BF00FD8252 /* CGSize+DKHelper.h */,
				753298431BE8C7BF00FD8252 /* CGSize+DKHelper.m */,
				753298441BE8C7BF00FD8252 /* DKHelper.h */,
				753298451BE8C7BF00FD8252 /* DKHelper.m */,
				753298461BE8C7BF00FD8252 /* DKRegex.h */,
				753298471BE8C7BF00FD8252 /* DKRegex.m */,
				753298481BE8C7BF00FD8252 /* NSArray+DKHelper.h */,
				753298491BE8C7BF00FD8252 /* NSArray+DKHelper.m */,
				7532984A1BE8C7BF00FD8252 /* NSBundle+DKHelper.h */,
				7532984B1BE8C7BF00FD8252 /* NSBundle+DKHelper.m */,
				7532984E1BE8C7BF00FD8252 /* NSNumber+DKHelper.h */,
				7532984F1BE8C7BF00FD8252 /* NSNumber+DKHelper.m */,
				753298561BE8C7BF00FD8252 /* NSString+DKHelper.h */,
				753298571BE8C7BF00FD8252 /* NSString+DKHelper.m */,
				753298581BE8C7BF00FD8252 /* UIColor+DKHelper.h */,
				753298591BE8C7BF00FD8252 /* UIColor+DKHelper.m */,
				7532985C1BE8C7BF00FD8252 /* UIImage+DKHelper.h */,
				7532985D1BE8C7BF00FD8252 /* UIImage+DKHelper.m */,
				753298621BE8C7BF00FD8252 /* UIView+DKHelper.h */,
				753298631BE8C7BF00FD8252 /* UIView+DKHelper.m */,
			);
			name = Sources;
			sourceTree = "<group>";
		};
		7532988C1BE8C83000FD8252 /* Resources */ = {
			isa = PBXGroup;
			children = (
				7532988B1BE8C81D00FD8252 /* DKHelper-Bridging-Header.h */,
				75D172081BE8C62500AE890C /* Main.storyboard */,
				75D1720B1BE8C62500AE890C /* Assets.xcassets */,
				75D1720D1BE8C62500AE890C /* LaunchScreen.storyboard */,
				75D172101BE8C62500AE890C /* Info.plist */,
				7562520C1BEB504400A31234 /* Localizable.strings */,
			);
			name = Resources;
			path = DKHelper;
			sourceTree = "<group>";
		};
		759A467E1BEBD09700FFAB39 /* Not Tested */ = {
			isa = PBXGroup;
			children = (
				7532984C1BE8C7BF00FD8252 /* NSDate+DKHelper.h */,
				7532984D1BE8C7BF00FD8252 /* NSDate+DKHelper.m */,
				753298501BE8C7BF00FD8252 /* NSObject+DKHelper.h */,
				753298511BE8C7BF00FD8252 /* NSObject+DKHelper.m */,
				753298521BE8C7BF00FD8252 /* NSOperationQueue+DKHelper.h */,
				753298531BE8C7BF00FD8252 /* NSOperationQueue+DKHelper.m */,
				753298541BE8C7BF00FD8252 /* NSPredicate+DKHelper.h */,
				753298551BE8C7BF00FD8252 /* NSPredicate+DKHelper.m */,
				7532985A1BE8C7BF00FD8252 /* UIDevice+DKHelper.h */,
				7532985B1BE8C7BF00FD8252 /* UIDevice+DKHelper.m */,
				7532985E1BE8C7BF00FD8252 /* UIImageView+DKHelper.h */,
				7532985F1BE8C7BF00FD8252 /* UIImageView+DKHelper.m */,
				753298601BE8C7BF00FD8252 /* UIScreen+DKHelper.h */,
				753298611BE8C7BF00FD8252 /* UIScreen+DKHelper.m */,
			);
			name = "Not Tested";
			sourceTree = "<group>";
		};
		75B8D4941BF0EF54008930B1 /* Resources */ = {
			isa = PBXGroup;
			children = (
				75B8D4951BF0F087008930B1 /* DKViewTest.xib */,
				75B8D4971BF0F095008930B1 /* DKViewTest.swift */,
			);
			name = Resources;
			sourceTree = "<group>";
		};
		75D171F81BE8C62500AE890C = {
			isa = PBXGroup;
			children = (
				7532983D1BE8C7AA00FD8252 /* Sources */,
				75D172031BE8C62500AE890C /* DKHelper */,
				7532988C1BE8C83000FD8252 /* Resources */,
				75D172181BE8C62500AE890C /* DKHelperTests */,
				75D172021BE8C62500AE890C /* Products */,
			);
			sourceTree = "<group>";
		};
		75D172021BE8C62500AE890C /* Products */ = {
			isa = PBXGroup;
			children = (
				75D172011BE8C62500AE890C /* DKHelper.app */,
				75D172151BE8C62500AE890C /* DKHelperTests.xctest */,
			);
			name = Products;
			sourceTree = "<group>";
		};
		75D172031BE8C62500AE890C /* DKHelper */ = {
			isa = PBXGroup;
			children = (
				75D172041BE8C62500AE890C /* AppDelegate.swift */,
				75D172061BE8C62500AE890C /* DKViewController.swift */,
			);
			path = DKHelper;
			sourceTree = "<group>";
		};
		75D172181BE8C62500AE890C /* DKHelperTests */ = {
			isa = PBXGroup;
			children = (
				75B8D4941BF0EF54008930B1 /* Resources */,
				75D172191BE8C62500AE890C /* DKHelperTests.swift */,
				752BB6D61BE8D4A6001B8A25 /* UIColorTests.swift */,
				75D011F01BEB82B4003C6E9A /* DKRegexTests.swift */,
				75D011EE1BEB80FE003C6E9A /* NSArrayTests.swift */,
				756001061BEBC2E200E0605C /* NSBundleTests.swift */,
				75D011F21BEB945B003C6E9A /* NSNumberTests.swift */,
				75C5B81A1BE8FD7F001B46BA /* NSStringTests.swift */,
				75D011F61BEBAFDB003C6E9A /* UIImageTests.swift */,
				756CC00B1BEA0304003FBDC8 /* CGRectTests.swift */,
				759A46801BEBD14400FFAB39 /* UIViewTests.swift */,
				75D011F41BEB95A1003C6E9A /* CGSizeTests.swift */,
				75B8D49B1BF0F59E008930B1 /* UIScreenTests.swift */,
				75D1721B1BE8C62500AE890C /* Info.plist */,
			);
			path = DKHelperTests;
			sourceTree = "<group>";
		};
/* End PBXGroup section */

/* Begin PBXNativeTarget section */
		75D172001BE8C62500AE890C /* DKHelper */ = {
			isa = PBXNativeTarget;
			buildConfigurationList = 75D1721E1BE8C62500AE890C /* Build configuration list for PBXNativeTarget "DKHelper" */;
			buildPhases = (
				75D171FD1BE8C62500AE890C /* Sources */,
				75D171FE1BE8C62500AE890C /* Frameworks */,
				75D171FF1BE8C62500AE890C /* Resources */,
			);
			buildRules = (
			);
			dependencies = (
			);
			name = DKHelper;
			productName = DKHelper;
			productReference = 75D172011BE8C62500AE890C /* DKHelper.app */;
			productType = "com.apple.product-type.application";
		};
		75D172141BE8C62500AE890C /* DKHelperTests */ = {
			isa = PBXNativeTarget;
			buildConfigurationList = 75D172211BE8C62500AE890C /* Build configuration list for PBXNativeTarget "DKHelperTests" */;
			buildPhases = (
				75D172111BE8C62500AE890C /* Sources */,
				75D172121BE8C62500AE890C /* Frameworks */,
				75D172131BE8C62500AE890C /* Resources */,
			);
			buildRules = (
			);
			dependencies = (
				75D172171BE8C62500AE890C /* PBXTargetDependency */,
			);
			name = DKHelperTests;
			productName = DKHelperTests;
			productReference = 75D172151BE8C62500AE890C /* DKHelperTests.xctest */;
			productType = "com.apple.product-type.bundle.unit-test";
		};
/* End PBXNativeTarget section */

/* Begin PBXProject section */
		75D171F91BE8C62500AE890C /* Project object */ = {
			isa = PBXProject;
			attributes = {
				LastSwiftUpdateCheck = 0710;
				LastUpgradeCheck = 0710;
				ORGANIZATIONNAME = "Kevin Delord";
				TargetAttributes = {
					75D172001BE8C62500AE890C = {
						CreatedOnToolsVersion = 7.1;
					};
					75D172141BE8C62500AE890C = {
						CreatedOnToolsVersion = 7.1;
						TestTargetID = 75D172001BE8C62500AE890C;
					};
				};
			};
			buildConfigurationList = 75D171FC1BE8C62500AE890C /* Build configuration list for PBXProject "DKHelper" */;
			compatibilityVersion = "Xcode 3.2";
			developmentRegion = English;
			hasScannedForEncodings = 0;
			knownRegions = (
				en,
				Base,
			);
			mainGroup = 75D171F81BE8C62500AE890C;
			productRefGroup = 75D172021BE8C62500AE890C /* Products */;
			projectDirPath = "";
			projectRoot = "";
			targets = (
				75D172001BE8C62500AE890C /* DKHelper */,
				75D172141BE8C62500AE890C /* DKHelperTests */,
			);
		};
/* End PBXProject section */

/* Begin PBXResourcesBuildPhase section */
		75D171FF1BE8C62500AE890C /* Resources */ = {
			isa = PBXResourcesBuildPhase;
			buildActionMask = 2147483647;
			files = (
				75D1720F1BE8C62500AE890C /* LaunchScreen.storyboard in Resources */,
				75B8D4991BF0F128008930B1 /* DKViewTest.xib in Resources */,
				7562520D1BEB504400A31234 /* Localizable.strings in Resources */,
				75D1720C1BE8C62500AE890C /* Assets.xcassets in Resources */,
				75D1720A1BE8C62500AE890C /* Main.storyboard in Resources */,
			);
			runOnlyForDeploymentPostprocessing = 0;
		};
		75D172131BE8C62500AE890C /* Resources */ = {
			isa = PBXResourcesBuildPhase;
			buildActionMask = 2147483647;
			files = (
				7562520E1BEB504400A31234 /* Localizable.strings in Resources */,
				75B8D4961BF0F087008930B1 /* DKViewTest.xib in Resources */,
			);
			runOnlyForDeploymentPostprocessing = 0;
		};
/* End PBXResourcesBuildPhase section */

/* Begin PBXSourcesBuildPhase section */
		75D171FD1BE8C62500AE890C /* Sources */ = {
			isa = PBXSourcesBuildPhase;
			buildActionMask = 2147483647;
			files = (
				7532987C1BE8C7BF00FD8252 /* UIColor+DKHelper.m in Sources */,
				7532986A1BE8C7BF00FD8252 /* DKRegex.m in Sources */,
				7532986C1BE8C7BF00FD8252 /* NSArray+DKHelper.m in Sources */,
				753298821BE8C7BF00FD8252 /* UIImageView+DKHelper.m in Sources */,
				75D172071BE8C62500AE890C /* DKViewController.swift in Sources */,
				753298741BE8C7BF00FD8252 /* NSObject+DKHelper.m in Sources */,
				7532986E1BE8C7BF00FD8252 /* NSBundle+DKHelper.m in Sources */,
				753298841BE8C7BF00FD8252 /* UIScreen+DKHelper.m in Sources */,
				753298801BE8C7BF00FD8252 /* UIImage+DKHelper.m in Sources */,
				75B8D49A1BF0F128008930B1 /* DKViewTest.swift in Sources */,
				7532987E1BE8C7BF00FD8252 /* UIDevice+DKHelper.m in Sources */,
				75D172051BE8C62500AE890C /* AppDelegate.swift in Sources */,
				753298861BE8C7BF00FD8252 /* UIView+DKHelper.m in Sources */,
				753298701BE8C7BF00FD8252 /* NSDate+DKHelper.m in Sources */,
				753298761BE8C7BF00FD8252 /* NSOperationQueue+DKHelper.m in Sources */,
				753298781BE8C7BF00FD8252 /* NSPredicate+DKHelper.m in Sources */,
				753298641BE8C7BF00FD8252 /* CGRect+DKHelper.m in Sources */,
				7532987A1BE8C7BF00FD8252 /* NSString+DKHelper.m in Sources */,
				753298661BE8C7BF00FD8252 /* CGSize+DKHelper.m in Sources */,
				753298721BE8C7BF00FD8252 /* NSNumber+DKHelper.m in Sources */,
				753298681BE8C7BF00FD8252 /* DKHelper.m in Sources */,
			);
			runOnlyForDeploymentPostprocessing = 0;
		};
		75D172111BE8C62500AE890C /* Sources */ = {
			isa = PBXSourcesBuildPhase;
			buildActionMask = 2147483647;
			files = (
				756001071BEBC2E200E0605C /* NSBundleTests.swift in Sources */,
				753298691BE8C7BF00FD8252 /* DKHelper.m in Sources */,
				7532987B1BE8C7BF00FD8252 /* NSString+DKHelper.m in Sources */,
				7532987F1BE8C7BF00FD8252 /* UIDevice+DKHelper.m in Sources */,
				753298771BE8C7BF00FD8252 /* NSOperationQueue+DKHelper.m in Sources */,
				753298671BE8C7BF00FD8252 /* CGSize+DKHelper.m in Sources */,
				75C5B81B1BE8FD7F001B46BA /* NSStringTests.swift in Sources */,
				753298651BE8C7BF00FD8252 /* CGRect+DKHelper.m in Sources */,
				759A46811BEBD14400FFAB39 /* UIViewTests.swift in Sources */,
				7532986F1BE8C7BF00FD8252 /* NSBundle+DKHelper.m in Sources */,
				75D011F71BEBAFDB003C6E9A /* UIImageTests.swift in Sources */,
				75D011EF1BEB80FE003C6E9A /* NSArrayTests.swift in Sources */,
				753298791BE8C7BF00FD8252 /* NSPredicate+DKHelper.m in Sources */,
				753298851BE8C7BF00FD8252 /* UIScreen+DKHelper.m in Sources */,
				753298831BE8C7BF00FD8252 /* UIImageView+DKHelper.m in Sources */,
				75B8D4981BF0F095008930B1 /* DKViewTest.swift in Sources */,
				753298811BE8C7BF00FD8252 /* UIImage+DKHelper.m in Sources */,
				753298731BE8C7BF00FD8252 /* NSNumber+DKHelper.m in Sources */,
				7532987D1BE8C7BF00FD8252 /* UIColor+DKHelper.m in Sources */,
				75D1721A1BE8C62500AE890C /* DKHelperTests.swift in Sources */,
				756CC00C1BEA0304003FBDC8 /* CGRectTests.swift in Sources */,
				753298871BE8C7BF00FD8252 /* UIView+DKHelper.m in Sources */,
				75D011F51BEB95A1003C6E9A /* CGSizeTests.swift in Sources */,
				75D011F11BEB82B4003C6E9A /* DKRegexTests.swift in Sources */,
				75D011F31BEB945B003C6E9A /* NSNumberTests.swift in Sources */,
				753298711BE8C7BF00FD8252 /* NSDate+DKHelper.m in Sources */,
				7532986B1BE8C7BF00FD8252 /* DKRegex.m in Sources */,
				75B8D49C1BF0F59E008930B1 /* UIScreenTests.swift in Sources */,
				752BB6D71BE8D4A6001B8A25 /* UIColorTests.swift in Sources */,
				753298751BE8C7BF00FD8252 /* NSObject+DKHelper.m in Sources */,
				7532986D1BE8C7BF00FD8252 /* NSArray+DKHelper.m in Sources */,
			);
			runOnlyForDeploymentPostprocessing = 0;
		};
/* End PBXSourcesBuildPhase section */

/* Begin PBXTargetDependency section */
		75D172171BE8C62500AE890C /* PBXTargetDependency */ = {
			isa = PBXTargetDependency;
			target = 75D172001BE8C62500AE890C /* DKHelper */;
			targetProxy = 75D172161BE8C62500AE890C /* PBXContainerItemProxy */;
		};
/* End PBXTargetDependency section */

/* Begin PBXVariantGroup section */
		75D172081BE8C62500AE890C /* Main.storyboard */ = {
			isa = PBXVariantGroup;
			children = (
				75D172091BE8C62500AE890C /* Base */,
			);
			name = Main.storyboard;
			sourceTree = "<group>";
		};
		75D1720D1BE8C62500AE890C /* LaunchScreen.storyboard */ = {
			isa = PBXVariantGroup;
			children = (
				75D1720E1BE8C62500AE890C /* Base */,
			);
			name = LaunchScreen.storyboard;
			sourceTree = "<group>";
		};
/* End PBXVariantGroup section */

/* Begin XCBuildConfiguration section */
		75D1721C1BE8C62500AE890C /* Debug */ = {
			isa = XCBuildConfiguration;
			buildSettings = {
				ALWAYS_SEARCH_USER_PATHS = NO;
				CLANG_CXX_LANGUAGE_STANDARD = "gnu++0x";
				CLANG_CXX_LIBRARY = "libc++";
				CLANG_ENABLE_MODULES = YES;
				CLANG_ENABLE_OBJC_ARC = YES;
				CLANG_WARN_BOOL_CONVERSION = YES;
				CLANG_WARN_CONSTANT_CONVERSION = YES;
				CLANG_WARN_DIRECT_OBJC_ISA_USAGE = YES_ERROR;
				CLANG_WARN_EMPTY_BODY = YES;
				CLANG_WARN_ENUM_CONVERSION = YES;
				CLANG_WARN_INT_CONVERSION = YES;
				CLANG_WARN_OBJC_ROOT_CLASS = YES_ERROR;
				CLANG_WARN_UNREACHABLE_CODE = YES;
				CLANG_WARN__DUPLICATE_METHOD_MATCH = YES;
				"CODE_SIGN_IDENTITY[sdk=iphoneos*]" = "iPhone Developer";
				COPY_PHASE_STRIP = NO;
				DEBUG_INFORMATION_FORMAT = dwarf;
				ENABLE_STRICT_OBJC_MSGSEND = YES;
				ENABLE_TESTABILITY = YES;
				GCC_C_LANGUAGE_STANDARD = gnu99;
				GCC_DYNAMIC_NO_PIC = NO;
				GCC_NO_COMMON_BLOCKS = YES;
				GCC_OPTIMIZATION_LEVEL = 0;
				GCC_PREPROCESSOR_DEFINITIONS = (
					"DEBUG=1",
					"$(inherited)",
				);
				GCC_WARN_64_TO_32_BIT_CONVERSION = YES;
				GCC_WARN_ABOUT_RETURN_TYPE = YES_ERROR;
				GCC_WARN_UNDECLARED_SELECTOR = YES;
				GCC_WARN_UNINITIALIZED_AUTOS = YES_AGGRESSIVE;
				GCC_WARN_UNUSED_FUNCTION = YES;
				GCC_WARN_UNUSED_VARIABLE = YES;
				IPHONEOS_DEPLOYMENT_TARGET = 9.1;
				MTL_ENABLE_DEBUG_INFO = YES;
				ONLY_ACTIVE_ARCH = YES;
				SDKROOT = iphoneos;
				SWIFT_OPTIMIZATION_LEVEL = "-Onone";
			};
			name = Debug;
		};
		75D1721D1BE8C62500AE890C /* Release */ = {
			isa = XCBuildConfiguration;
			buildSettings = {
				ALWAYS_SEARCH_USER_PATHS = NO;
				CLANG_CXX_LANGUAGE_STANDARD = "gnu++0x";
				CLANG_CXX_LIBRARY = "libc++";
				CLANG_ENABLE_MODULES = YES;
				CLANG_ENABLE_OBJC_ARC = YES;
				CLANG_WARN_BOOL_CONVERSION = YES;
				CLANG_WARN_CONSTANT_CONVERSION = YES;
				CLANG_WARN_DIRECT_OBJC_ISA_USAGE = YES_ERROR;
				CLANG_WARN_EMPTY_BODY = YES;
				CLANG_WARN_ENUM_CONVERSION = YES;
				CLANG_WARN_INT_CONVERSION = YES;
				CLANG_WARN_OBJC_ROOT_CLASS = YES_ERROR;
				CLANG_WARN_UNREACHABLE_CODE = YES;
				CLANG_WARN__DUPLICATE_METHOD_MATCH = YES;
				"CODE_SIGN_IDENTITY[sdk=iphoneos*]" = "iPhone Developer";
				COPY_PHASE_STRIP = NO;
				DEBUG_INFORMATION_FORMAT = "dwarf-with-dsym";
				ENABLE_NS_ASSERTIONS = NO;
				ENABLE_STRICT_OBJC_MSGSEND = YES;
				GCC_C_LANGUAGE_STANDARD = gnu99;
				GCC_NO_COMMON_BLOCKS = YES;
				GCC_WARN_64_TO_32_BIT_CONVERSION = YES;
				GCC_WARN_ABOUT_RETURN_TYPE = YES_ERROR;
				GCC_WARN_UNDECLARED_SELECTOR = YES;
				GCC_WARN_UNINITIALIZED_AUTOS = YES_AGGRESSIVE;
				GCC_WARN_UNUSED_FUNCTION = YES;
				GCC_WARN_UNUSED_VARIABLE = YES;
				IPHONEOS_DEPLOYMENT_TARGET = 9.1;
				MTL_ENABLE_DEBUG_INFO = NO;
				SDKROOT = iphoneos;
				VALIDATE_PRODUCT = YES;
			};
			name = Release;
		};
		75D1721F1BE8C62500AE890C /* Debug */ = {
			isa = XCBuildConfiguration;
			buildSettings = {
				ASSETCATALOG_COMPILER_APPICON_NAME = AppIcon;
				CLANG_ENABLE_MODULES = YES;
				INFOPLIST_FILE = DKHelper/Info.plist;
				IPHONEOS_DEPLOYMENT_TARGET = 7.1;
				LD_RUNPATH_SEARCH_PATHS = "$(inherited) @executable_path/Frameworks";
				PRODUCT_BUNDLE_IDENTIFIER = delord.me.DKHelper;
				PRODUCT_NAME = "$(TARGET_NAME)";
				SWIFT_OBJC_BRIDGING_HEADER = "DKHelper/DKHelper-Bridging-Header.h";
				SWIFT_OPTIMIZATION_LEVEL = "-Onone";
			};
			name = Debug;
		};
		75D172201BE8C62500AE890C /* Release */ = {
			isa = XCBuildConfiguration;
			buildSettings = {
				ASSETCATALOG_COMPILER_APPICON_NAME = AppIcon;
				CLANG_ENABLE_MODULES = YES;
				INFOPLIST_FILE = DKHelper/Info.plist;
				IPHONEOS_DEPLOYMENT_TARGET = 7.1;
				LD_RUNPATH_SEARCH_PATHS = "$(inherited) @executable_path/Frameworks";
				PRODUCT_BUNDLE_IDENTIFIER = delord.me.DKHelper;
				PRODUCT_NAME = "$(TARGET_NAME)";
				SWIFT_OBJC_BRIDGING_HEADER = "DKHelper/DKHelper-Bridging-Header.h";
			};
			name = Release;
		};
		75D172221BE8C62500AE890C /* Debug */ = {
			isa = XCBuildConfiguration;
			buildSettings = {
				BUNDLE_LOADER = "$(TEST_HOST)";
				CLANG_ENABLE_MODULES = YES;
				INFOPLIST_FILE = DKHelperTests/Info.plist;
				LD_RUNPATH_SEARCH_PATHS = "$(inherited) @executable_path/Frameworks @loader_path/Frameworks";
				PRODUCT_BUNDLE_IDENTIFIER = delord.me.DKHelperTests;
				PRODUCT_NAME = "$(TARGET_NAME)";
				SWIFT_OBJC_BRIDGING_HEADER = "DKHelper/DKHelper-Bridging-Header.h";
				TEST_HOST = "$(BUILT_PRODUCTS_DIR)/DKHelper.app/DKHelper";
			};
			name = Debug;
		};
		75D172231BE8C62500AE890C /* Release */ = {
			isa = XCBuildConfiguration;
			buildSettings = {
				BUNDLE_LOADER = "$(TEST_HOST)";
				CLANG_ENABLE_MODULES = YES;
				INFOPLIST_FILE = DKHelperTests/Info.plist;
				LD_RUNPATH_SEARCH_PATHS = "$(inherited) @executable_path/Frameworks @loader_path/Frameworks";
				PRODUCT_BUNDLE_IDENTIFIER = delord.me.DKHelperTests;
				PRODUCT_NAME = "$(TARGET_NAME)";
				SWIFT_OBJC_BRIDGING_HEADER = "DKHelper/DKHelper-Bridging-Header.h";
				TEST_HOST = "$(BUILT_PRODUCTS_DIR)/DKHelper.app/DKHelper";
			};
			name = Release;
		};
/* End XCBuildConfiguration section */

/* Begin XCConfigurationList section */
		75D171FC1BE8C62500AE890C /* Build configuration list for PBXProject "DKHelper" */ = {
			isa = XCConfigurationList;
			buildConfigurations = (
				75D1721C1BE8C62500AE890C /* Debug */,
				75D1721D1BE8C62500AE890C /* Release */,
			);
			defaultConfigurationIsVisible = 0;
			defaultConfigurationName = Release;
		};
		75D1721E1BE8C62500AE890C /* Build configuration list for PBXNativeTarget "DKHelper" */ = {
			isa = XCConfigurationList;
			buildConfigurations = (
				75D1721F1BE8C62500AE890C /* Debug */,
				75D172201BE8C62500AE890C /* Release */,
			);
			defaultConfigurationIsVisible = 0;
			defaultConfigurationName = Release;
		};
		75D172211BE8C62500AE890C /* Build configuration list for PBXNativeTarget "DKHelperTests" */ = {
			isa = XCConfigurationList;
			buildConfigurations = (
				75D172221BE8C62500AE890C /* Debug */,
				75D172231BE8C62500AE890C /* Release */,
			);
			defaultConfigurationIsVisible = 0;
			defaultConfigurationName = Release;
		};
/* End XCConfigurationList section */
	};
	rootObject = 75D171F91BE8C62500AE890C /* Project object */;
}
