// !$*UTF8*$!
{
	archiveVersion = 1;
	classes = {
	};
	objectVersion = 46;
	objects = {

/* Begin PBXBuildFile section */
		7511F6DE19DABB3C00C29B75 /* DKRegex.m in Sources */ = {isa = PBXBuildFile; fileRef = 7511F6DD19DABB3C00C29B75 /* DKRegex.m */; };
		7519D3A6192D3BAE00488AD1 /* NSNumber+DKHelper.m in Sources */ = {isa = PBXBuildFile; fileRef = 7519D3A5192D3BAE00488AD1 /* NSNumber+DKHelper.m */; };
		753A287219070F52006FEF71 /* Foundation.framework in Frameworks */ = {isa = PBXBuildFile; fileRef = 753A287119070F52006FEF71 /* Foundation.framework */; };
		753A287419070F52006FEF71 /* CoreGraphics.framework in Frameworks */ = {isa = PBXBuildFile; fileRef = 753A287319070F52006FEF71 /* CoreGraphics.framework */; };
		753A287619070F53006FEF71 /* UIKit.framework in Frameworks */ = {isa = PBXBuildFile; fileRef = 753A287519070F53006FEF71 /* UIKit.framework */; };
		753A287C19070F53006FEF71 /* InfoPlist.strings in Resources */ = {isa = PBXBuildFile; fileRef = 753A287A19070F53006FEF71 /* InfoPlist.strings */; };
		753A287E19070F53006FEF71 /* main.m in Sources */ = {isa = PBXBuildFile; fileRef = 753A287D19070F53006FEF71 /* main.m */; };
		753A288219070F53006FEF71 /* DKAppDelegate.m in Sources */ = {isa = PBXBuildFile; fileRef = 753A288119070F53006FEF71 /* DKAppDelegate.m */; };
		753A288519070F53006FEF71 /* Main.storyboard in Resources */ = {isa = PBXBuildFile; fileRef = 753A288319070F53006FEF71 /* Main.storyboard */; };
		753A288819070F53006FEF71 /* DKViewController.m in Sources */ = {isa = PBXBuildFile; fileRef = 753A288719070F53006FEF71 /* DKViewController.m */; };
		753A288A19070F53006FEF71 /* Images.xcassets in Resources */ = {isa = PBXBuildFile; fileRef = 753A288919070F53006FEF71 /* Images.xcassets */; };
		753A289119070F53006FEF71 /* XCTest.framework in Frameworks */ = {isa = PBXBuildFile; fileRef = 753A289019070F53006FEF71 /* XCTest.framework */; };
		753A289219070F53006FEF71 /* Foundation.framework in Frameworks */ = {isa = PBXBuildFile; fileRef = 753A287119070F52006FEF71 /* Foundation.framework */; };
		753A289319070F53006FEF71 /* UIKit.framework in Frameworks */ = {isa = PBXBuildFile; fileRef = 753A287519070F53006FEF71 /* UIKit.framework */; };
		753A289B19070F53006FEF71 /* InfoPlist.strings in Resources */ = {isa = PBXBuildFile; fileRef = 753A289919070F53006FEF71 /* InfoPlist.strings */; };
		753A289D19070F53006FEF71 /* DKHelperTests.m in Sources */ = {isa = PBXBuildFile; fileRef = 753A289C19070F53006FEF71 /* DKHelperTests.m */; };
		754A7324190710F600D0D432 /* UIDevice+DKHelper.m in Sources */ = {isa = PBXBuildFile; fileRef = 754A7318190710F600D0D432 /* UIDevice+DKHelper.m */; };
		754A7325190710F600D0D432 /* NSDate+DKHelper.m in Sources */ = {isa = PBXBuildFile; fileRef = 754A7319190710F600D0D432 /* NSDate+DKHelper.m */; };
		754A7327190710F600D0D432 /* NSObject+DKHelper.m in Sources */ = {isa = PBXBuildFile; fileRef = 754A7321190710F600D0D432 /* NSObject+DKHelper.m */; };
		754A7328190710F600D0D432 /* NSString+DKHelper.m in Sources */ = {isa = PBXBuildFile; fileRef = 754A7322190710F600D0D432 /* NSString+DKHelper.m */; };
		754A7329190710F600D0D432 /* UIView+DKHelper.m in Sources */ = {isa = PBXBuildFile; fileRef = 754A7323190710F600D0D432 /* UIView+DKHelper.m */; };
		754A73401907122200D0D432 /* UIColor+DKHelper.m in Sources */ = {isa = PBXBuildFile; fileRef = 754A733F1907122200D0D432 /* UIColor+DKHelper.m */; };
		7577623119D9F0D200C60D9B /* NSArray+DKHelper.m in Sources */ = {isa = PBXBuildFile; fileRef = 7577623019D9F0D200C60D9B /* NSArray+DKHelper.m */; };
		7577623319D9F85200C60D9B /* DKHelper.m in Sources */ = {isa = PBXBuildFile; fileRef = 7577623219D9F85200C60D9B /* DKHelper.m */; };
		7577623619D9FFFA00C60D9B /* UIScreen+DKHelper.m in Sources */ = {isa = PBXBuildFile; fileRef = 7577623519D9FFFA00C60D9B /* UIScreen+DKHelper.m */; };
		7577623919DA09B000C60D9B /* NSPredicate+DKHelper.m in Sources */ = {isa = PBXBuildFile; fileRef = 7577623819DA09B000C60D9B /* NSPredicate+DKHelper.m */; };
		7589C56B1B13590800A1B1FB /* UIImage+DKHelper.m in Sources */ = {isa = PBXBuildFile; fileRef = 7589C56A1B13590800A1B1FB /* UIImage+DKHelper.m */; };
		7589C56C1B13590800A1B1FB /* UIImage+DKHelper.m in Sources */ = {isa = PBXBuildFile; fileRef = 7589C56A1B13590800A1B1FB /* UIImage+DKHelper.m */; };
		7589C56F1B135FFD00A1B1FB /* NSBundle+DKHelper.m in Sources */ = {isa = PBXBuildFile; fileRef = 7589C56E1B135FFD00A1B1FB /* NSBundle+DKHelper.m */; };
		7589C5701B135FFD00A1B1FB /* NSBundle+DKHelper.m in Sources */ = {isa = PBXBuildFile; fileRef = 7589C56E1B135FFD00A1B1FB /* NSBundle+DKHelper.m */; };
		75D3EE0819092B53004ABB08 /* CGSize+DKHelper.m in Sources */ = {isa = PBXBuildFile; fileRef = 75D3EE0719092B53004ABB08 /* CGSize+DKHelper.m */; };
		75D3EE0B19092BA8004ABB08 /* CGRect+DKHelper.m in Sources */ = {isa = PBXBuildFile; fileRef = 75D3EE0A19092BA8004ABB08 /* CGRect+DKHelper.m */; };
		75F0AAE5191E552D00B6BDB1 /* UIImageView+DKHelper.m in Sources */ = {isa = PBXBuildFile; fileRef = 75F0AAE4191E552D00B6BDB1 /* UIImageView+DKHelper.m */; };
/* End PBXBuildFile section */

/* Begin PBXContainerItemProxy section */
		753A289419070F53006FEF71 /* PBXContainerItemProxy */ = {
			isa = PBXContainerItemProxy;
			containerPortal = 753A286619070F52006FEF71 /* Project object */;
			proxyType = 1;
			remoteGlobalIDString = 753A286D19070F52006FEF71;
			remoteInfo = DKHelper;
		};
/* End PBXContainerItemProxy section */

/* Begin PBXFileReference section */
		7511F6DC19DABB3C00C29B75 /* DKRegex.h */ = {isa = PBXFileReference; fileEncoding = 4; lastKnownFileType = sourcecode.c.h; name = DKRegex.h; path = ../DKHelper/DKRegex.h; sourceTree = "<group>"; };
		7511F6DD19DABB3C00C29B75 /* DKRegex.m */ = {isa = PBXFileReference; fileEncoding = 4; lastKnownFileType = sourcecode.c.objc; name = DKRegex.m; path = ../DKHelper/DKRegex.m; sourceTree = "<group>"; };
		7519D3A4192D3BAE00488AD1 /* NSNumber+DKHelper.h */ = {isa = PBXFileReference; fileEncoding = 4; lastKnownFileType = sourcecode.c.h; name = "NSNumber+DKHelper.h"; path = "../DKHelper/NSNumber+DKHelper.h"; sourceTree = "<group>"; };
		7519D3A5192D3BAE00488AD1 /* NSNumber+DKHelper.m */ = {isa = PBXFileReference; fileEncoding = 4; lastKnownFileType = sourcecode.c.objc; name = "NSNumber+DKHelper.m"; path = "../DKHelper/NSNumber+DKHelper.m"; sourceTree = "<group>"; };
		753A286E19070F52006FEF71 /* DKHelper.app */ = {isa = PBXFileReference; explicitFileType = wrapper.application; includeInIndex = 0; path = DKHelper.app; sourceTree = BUILT_PRODUCTS_DIR; };
		753A287119070F52006FEF71 /* Foundation.framework */ = {isa = PBXFileReference; lastKnownFileType = wrapper.framework; name = Foundation.framework; path = System/Library/Frameworks/Foundation.framework; sourceTree = SDKROOT; };
		753A287319070F52006FEF71 /* CoreGraphics.framework */ = {isa = PBXFileReference; lastKnownFileType = wrapper.framework; name = CoreGraphics.framework; path = System/Library/Frameworks/CoreGraphics.framework; sourceTree = SDKROOT; };
		753A287519070F53006FEF71 /* UIKit.framework */ = {isa = PBXFileReference; lastKnownFileType = wrapper.framework; name = UIKit.framework; path = System/Library/Frameworks/UIKit.framework; sourceTree = SDKROOT; };
		753A287919070F53006FEF71 /* DKHelper-Info.plist */ = {isa = PBXFileReference; lastKnownFileType = text.plist.xml; path = "DKHelper-Info.plist"; sourceTree = "<group>"; };
		753A287B19070F53006FEF71 /* en */ = {isa = PBXFileReference; lastKnownFileType = text.plist.strings; name = en; path = en.lproj/InfoPlist.strings; sourceTree = "<group>"; };
		753A287D19070F53006FEF71 /* main.m */ = {isa = PBXFileReference; lastKnownFileType = sourcecode.c.objc; path = main.m; sourceTree = "<group>"; };
		753A287F19070F53006FEF71 /* DKHelper-Prefix.pch */ = {isa = PBXFileReference; lastKnownFileType = sourcecode.c.h; path = "DKHelper-Prefix.pch"; sourceTree = "<group>"; };
		753A288019070F53006FEF71 /* DKAppDelegate.h */ = {isa = PBXFileReference; lastKnownFileType = sourcecode.c.h; path = DKAppDelegate.h; sourceTree = "<group>"; };
		753A288119070F53006FEF71 /* DKAppDelegate.m */ = {isa = PBXFileReference; lastKnownFileType = sourcecode.c.objc; path = DKAppDelegate.m; sourceTree = "<group>"; };
		753A288419070F53006FEF71 /* Base */ = {isa = PBXFileReference; lastKnownFileType = file.storyboard; name = Base; path = Base.lproj/Main.storyboard; sourceTree = "<group>"; };
		753A288619070F53006FEF71 /* DKViewController.h */ = {isa = PBXFileReference; lastKnownFileType = sourcecode.c.h; path = DKViewController.h; sourceTree = "<group>"; };
		753A288719070F53006FEF71 /* DKViewController.m */ = {isa = PBXFileReference; lastKnownFileType = sourcecode.c.objc; path = DKViewController.m; sourceTree = "<group>"; };
		753A288919070F53006FEF71 /* Images.xcassets */ = {isa = PBXFileReference; lastKnownFileType = folder.assetcatalog; path = Images.xcassets; sourceTree = "<group>"; };
		753A288F19070F53006FEF71 /* DKHelperTests.xctest */ = {isa = PBXFileReference; explicitFileType = wrapper.cfbundle; includeInIndex = 0; path = DKHelperTests.xctest; sourceTree = BUILT_PRODUCTS_DIR; };
		753A289019070F53006FEF71 /* XCTest.framework */ = {isa = PBXFileReference; lastKnownFileType = wrapper.framework; name = XCTest.framework; path = Library/Frameworks/XCTest.framework; sourceTree = DEVELOPER_DIR; };
		753A289819070F53006FEF71 /* DKHelperTests-Info.plist */ = {isa = PBXFileReference; lastKnownFileType = text.plist.xml; path = "DKHelperTests-Info.plist"; sourceTree = "<group>"; };
		753A289A19070F53006FEF71 /* en */ = {isa = PBXFileReference; lastKnownFileType = text.plist.strings; name = en; path = en.lproj/InfoPlist.strings; sourceTree = "<group>"; };
		753A289C19070F53006FEF71 /* DKHelperTests.m */ = {isa = PBXFileReference; lastKnownFileType = sourcecode.c.objc; path = DKHelperTests.m; sourceTree = "<group>"; };
		754A7317190710F600D0D432 /* DKHelper.h */ = {isa = PBXFileReference; fileEncoding = 4; lastKnownFileType = sourcecode.c.h; name = DKHelper.h; path = ../DKHelper/DKHelper.h; sourceTree = "<group>"; };
		754A7318190710F600D0D432 /* UIDevice+DKHelper.m */ = {isa = PBXFileReference; fileEncoding = 4; lastKnownFileType = sourcecode.c.objc; name = "UIDevice+DKHelper.m"; path = "../DKHelper/UIDevice+DKHelper.m"; sourceTree = "<group>"; };
		754A7319190710F600D0D432 /* NSDate+DKHelper.m */ = {isa = PBXFileReference; fileEncoding = 4; lastKnownFileType = sourcecode.c.objc; name = "NSDate+DKHelper.m"; path = "../DKHelper/NSDate+DKHelper.m"; sourceTree = "<group>"; };
		754A731B190710F600D0D432 /* NSObject+DKHelper.h */ = {isa = PBXFileReference; fileEncoding = 4; lastKnownFileType = sourcecode.c.h; name = "NSObject+DKHelper.h"; path = "../DKHelper/NSObject+DKHelper.h"; sourceTree = "<group>"; };
		754A731C190710F600D0D432 /* NSDate+DKHelper.h */ = {isa = PBXFileReference; fileEncoding = 4; lastKnownFileType = sourcecode.c.h; name = "NSDate+DKHelper.h"; path = "../DKHelper/NSDate+DKHelper.h"; sourceTree = "<group>"; };
		754A731E190710F600D0D432 /* NSString+DKHelper.h */ = {isa = PBXFileReference; fileEncoding = 4; lastKnownFileType = sourcecode.c.h; name = "NSString+DKHelper.h"; path = "../DKHelper/NSString+DKHelper.h"; sourceTree = "<group>"; };
		754A731F190710F600D0D432 /* UIDevice+DKHelper.h */ = {isa = PBXFileReference; fileEncoding = 4; lastKnownFileType = sourcecode.c.h; name = "UIDevice+DKHelper.h"; path = "../DKHelper/UIDevice+DKHelper.h"; sourceTree = "<group>"; };
		754A7320190710F600D0D432 /* UIView+DKHelper.h */ = {isa = PBXFileReference; fileEncoding = 4; lastKnownFileType = sourcecode.c.h; name = "UIView+DKHelper.h"; path = "../DKHelper/UIView+DKHelper.h"; sourceTree = "<group>"; };
		754A7321190710F600D0D432 /* NSObject+DKHelper.m */ = {isa = PBXFileReference; fileEncoding = 4; lastKnownFileType = sourcecode.c.objc; name = "NSObject+DKHelper.m"; path = "../DKHelper/NSObject+DKHelper.m"; sourceTree = "<group>"; };
		754A7322190710F600D0D432 /* NSString+DKHelper.m */ = {isa = PBXFileReference; fileEncoding = 4; lastKnownFileType = sourcecode.c.objc; name = "NSString+DKHelper.m"; path = "../DKHelper/NSString+DKHelper.m"; sourceTree = "<group>"; };
		754A7323190710F600D0D432 /* UIView+DKHelper.m */ = {isa = PBXFileReference; fileEncoding = 4; lastKnownFileType = sourcecode.c.objc; name = "UIView+DKHelper.m"; path = "../DKHelper/UIView+DKHelper.m"; sourceTree = "<group>"; };
		754A733E1907122200D0D432 /* UIColor+DKHelper.h */ = {isa = PBXFileReference; fileEncoding = 4; lastKnownFileType = sourcecode.c.h; name = "UIColor+DKHelper.h"; path = "../DKHelper/UIColor+DKHelper.h"; sourceTree = "<group>"; };
		754A733F1907122200D0D432 /* UIColor+DKHelper.m */ = {isa = PBXFileReference; fileEncoding = 4; lastKnownFileType = sourcecode.c.objc; name = "UIColor+DKHelper.m"; path = "../DKHelper/UIColor+DKHelper.m"; sourceTree = "<group>"; };
		7577622F19D9F0D200C60D9B /* NSArray+DKHelper.h */ = {isa = PBXFileReference; fileEncoding = 4; lastKnownFileType = sourcecode.c.h; name = "NSArray+DKHelper.h"; path = "../DKHelper/NSArray+DKHelper.h"; sourceTree = "<group>"; };
		7577623019D9F0D200C60D9B /* NSArray+DKHelper.m */ = {isa = PBXFileReference; fileEncoding = 4; lastKnownFileType = sourcecode.c.objc; name = "NSArray+DKHelper.m"; path = "../DKHelper/NSArray+DKHelper.m"; sourceTree = "<group>"; };
		7577623219D9F85200C60D9B /* DKHelper.m */ = {isa = PBXFileReference; fileEncoding = 4; lastKnownFileType = sourcecode.c.objc; name = DKHelper.m; path = ../DKHelper/DKHelper.m; sourceTree = "<group>"; };
		7577623419D9FFFA00C60D9B /* UIScreen+DKHelper.h */ = {isa = PBXFileReference; fileEncoding = 4; lastKnownFileType = sourcecode.c.h; name = "UIScreen+DKHelper.h"; path = "../DKHelper/UIScreen+DKHelper.h"; sourceTree = "<group>"; };
		7577623519D9FFFA00C60D9B /* UIScreen+DKHelper.m */ = {isa = PBXFileReference; fileEncoding = 4; lastKnownFileType = sourcecode.c.objc; name = "UIScreen+DKHelper.m"; path = "../DKHelper/UIScreen+DKHelper.m"; sourceTree = "<group>"; };
		7577623719DA09B000C60D9B /* NSPredicate+DKHelper.h */ = {isa = PBXFileReference; fileEncoding = 4; lastKnownFileType = sourcecode.c.h; name = "NSPredicate+DKHelper.h"; path = "../DKHelper/NSPredicate+DKHelper.h"; sourceTree = "<group>"; };
		7577623819DA09B000C60D9B /* NSPredicate+DKHelper.m */ = {isa = PBXFileReference; fileEncoding = 4; lastKnownFileType = sourcecode.c.objc; name = "NSPredicate+DKHelper.m"; path = "../DKHelper/NSPredicate+DKHelper.m"; sourceTree = "<group>"; };
		7589C5691B13590800A1B1FB /* UIImage+DKHelper.h */ = {isa = PBXFileReference; fileEncoding = 4; lastKnownFileType = sourcecode.c.h; name = "UIImage+DKHelper.h"; path = "../DKHelper/UIImage+DKHelper.h"; sourceTree = "<group>"; };
		7589C56A1B13590800A1B1FB /* UIImage+DKHelper.m */ = {isa = PBXFileReference; fileEncoding = 4; lastKnownFileType = sourcecode.c.objc; name = "UIImage+DKHelper.m"; path = "../DKHelper/UIImage+DKHelper.m"; sourceTree = "<group>"; };
		7589C56D1B135FFD00A1B1FB /* NSBundle+DKHelper.h */ = {isa = PBXFileReference; fileEncoding = 4; lastKnownFileType = sourcecode.c.h; name = "NSBundle+DKHelper.h"; path = "../DKHelper/NSBundle+DKHelper.h"; sourceTree = "<group>"; };
		7589C56E1B135FFD00A1B1FB /* NSBundle+DKHelper.m */ = {isa = PBXFileReference; fileEncoding = 4; lastKnownFileType = sourcecode.c.objc; name = "NSBundle+DKHelper.m"; path = "../DKHelper/NSBundle+DKHelper.m"; sourceTree = "<group>"; };
		75D3EE0619092B53004ABB08 /* CGSize+DKHelper.h */ = {isa = PBXFileReference; fileEncoding = 4; lastKnownFileType = sourcecode.c.h; name = "CGSize+DKHelper.h"; path = "../DKHelper/CGSize+DKHelper.h"; sourceTree = "<group>"; };
		75D3EE0719092B53004ABB08 /* CGSize+DKHelper.m */ = {isa = PBXFileReference; fileEncoding = 4; lastKnownFileType = sourcecode.c.objc; name = "CGSize+DKHelper.m"; path = "../DKHelper/CGSize+DKHelper.m"; sourceTree = "<group>"; };
		75D3EE0919092BA8004ABB08 /* CGRect+DKHelper.h */ = {isa = PBXFileReference; fileEncoding = 4; lastKnownFileType = sourcecode.c.h; name = "CGRect+DKHelper.h"; path = "../DKHelper/CGRect+DKHelper.h"; sourceTree = "<group>"; };
		75D3EE0A19092BA8004ABB08 /* CGRect+DKHelper.m */ = {isa = PBXFileReference; fileEncoding = 4; lastKnownFileType = sourcecode.c.objc; name = "CGRect+DKHelper.m"; path = "../DKHelper/CGRect+DKHelper.m"; sourceTree = "<group>"; };
		75F0AAE3191E552D00B6BDB1 /* UIImageView+DKHelper.h */ = {isa = PBXFileReference; fileEncoding = 4; lastKnownFileType = sourcecode.c.h; name = "UIImageView+DKHelper.h"; path = "../DKHelper/UIImageView+DKHelper.h"; sourceTree = "<group>"; };
		75F0AAE4191E552D00B6BDB1 /* UIImageView+DKHelper.m */ = {isa = PBXFileReference; fileEncoding = 4; lastKnownFileType = sourcecode.c.objc; name = "UIImageView+DKHelper.m"; path = "../DKHelper/UIImageView+DKHelper.m"; sourceTree = "<group>"; };
/* End PBXFileReference section */

/* Begin PBXFrameworksBuildPhase section */
		753A286B19070F52006FEF71 /* Frameworks */ = {
			isa = PBXFrameworksBuildPhase;
			buildActionMask = 2147483647;
			files = (
				753A287419070F52006FEF71 /* CoreGraphics.framework in Frameworks */,
				753A287619070F53006FEF71 /* UIKit.framework in Frameworks */,
				753A287219070F52006FEF71 /* Foundation.framework in Frameworks */,
			);
			runOnlyForDeploymentPostprocessing = 0;
		};
		753A288C19070F53006FEF71 /* Frameworks */ = {
			isa = PBXFrameworksBuildPhase;
			buildActionMask = 2147483647;
			files = (
				753A289119070F53006FEF71 /* XCTest.framework in Frameworks */,
				753A289319070F53006FEF71 /* UIKit.framework in Frameworks */,
				753A289219070F53006FEF71 /* Foundation.framework in Frameworks */,
			);
			runOnlyForDeploymentPostprocessing = 0;
		};
/* End PBXFrameworksBuildPhase section */

/* Begin PBXGroup section */
		753A286519070F52006FEF71 = {
			isa = PBXGroup;
			children = (
				754A7316190710E500D0D432 /* DKHelper */,
				753A287719070F53006FEF71 /* DKHelperProject */,
				753A289619070F53006FEF71 /* DKHelperTests */,
				753A287019070F52006FEF71 /* Frameworks */,
				753A286F19070F52006FEF71 /* Products */,
			);
			sourceTree = "<group>";
		};
		753A286F19070F52006FEF71 /* Products */ = {
			isa = PBXGroup;
			children = (
				753A286E19070F52006FEF71 /* DKHelper.app */,
				753A288F19070F53006FEF71 /* DKHelperTests.xctest */,
			);
			name = Products;
			sourceTree = "<group>";
		};
		753A287019070F52006FEF71 /* Frameworks */ = {
			isa = PBXGroup;
			children = (
				753A287119070F52006FEF71 /* Foundation.framework */,
				753A287319070F52006FEF71 /* CoreGraphics.framework */,
				753A287519070F53006FEF71 /* UIKit.framework */,
				753A289019070F53006FEF71 /* XCTest.framework */,
			);
			name = Frameworks;
			sourceTree = "<group>";
		};
		753A287719070F53006FEF71 /* DKHelperProject */ = {
			isa = PBXGroup;
			children = (
				753A288019070F53006FEF71 /* DKAppDelegate.h */,
				753A288119070F53006FEF71 /* DKAppDelegate.m */,
				753A288319070F53006FEF71 /* Main.storyboard */,
				753A288619070F53006FEF71 /* DKViewController.h */,
				753A288719070F53006FEF71 /* DKViewController.m */,
				753A288919070F53006FEF71 /* Images.xcassets */,
				753A287819070F53006FEF71 /* Supporting Files */,
			);
			name = DKHelperProject;
			path = DKHelper;
			sourceTree = "<group>";
		};
		753A287819070F53006FEF71 /* Supporting Files */ = {
			isa = PBXGroup;
			children = (
				753A287919070F53006FEF71 /* DKHelper-Info.plist */,
				753A287A19070F53006FEF71 /* InfoPlist.strings */,
				753A287D19070F53006FEF71 /* main.m */,
				753A287F19070F53006FEF71 /* DKHelper-Prefix.pch */,
			);
			name = "Supporting Files";
			sourceTree = "<group>";
		};
		753A289619070F53006FEF71 /* DKHelperTests */ = {
			isa = PBXGroup;
			children = (
				753A289C19070F53006FEF71 /* DKHelperTests.m */,
				753A289719070F53006FEF71 /* Supporting Files */,
			);
			path = DKHelperTests;
			sourceTree = "<group>";
		};
		753A289719070F53006FEF71 /* Supporting Files */ = {
			isa = PBXGroup;
			children = (
				753A289819070F53006FEF71 /* DKHelperTests-Info.plist */,
				753A289919070F53006FEF71 /* InfoPlist.strings */,
			);
			name = "Supporting Files";
			sourceTree = "<group>";
		};
		754A7316190710E500D0D432 /* DKHelper */ = {
			isa = PBXGroup;
			children = (
				754A7317190710F600D0D432 /* DKHelper.h */,
				7577623219D9F85200C60D9B /* DKHelper.m */,
				75F0AAE3191E552D00B6BDB1 /* UIImageView+DKHelper.h */,
				75F0AAE4191E552D00B6BDB1 /* UIImageView+DKHelper.m */,
				75D3EE0919092BA8004ABB08 /* CGRect+DKHelper.h */,
				75D3EE0A19092BA8004ABB08 /* CGRect+DKHelper.m */,
				754A731F190710F600D0D432 /* UIDevice+DKHelper.h */,
				754A7318190710F600D0D432 /* UIDevice+DKHelper.m */,
				7519D3A4192D3BAE00488AD1 /* NSNumber+DKHelper.h */,
				7519D3A5192D3BAE00488AD1 /* NSNumber+DKHelper.m */,
				754A731C190710F600D0D432 /* NSDate+DKHelper.h */,
				754A7319190710F600D0D432 /* NSDate+DKHelper.m */,
				754A731B190710F600D0D432 /* NSObject+DKHelper.h */,
				754A7321190710F600D0D432 /* NSObject+DKHelper.m */,
				754A731E190710F600D0D432 /* NSString+DKHelper.h */,
				754A7322190710F600D0D432 /* NSString+DKHelper.m */,
				754A7320190710F600D0D432 /* UIView+DKHelper.h */,
				754A7323190710F600D0D432 /* UIView+DKHelper.m */,
				7589C56D1B135FFD00A1B1FB /* NSBundle+DKHelper.h */,
				7589C56E1B135FFD00A1B1FB /* NSBundle+DKHelper.m */,
				754A733E1907122200D0D432 /* UIColor+DKHelper.h */,
				754A733F1907122200D0D432 /* UIColor+DKHelper.m */,
				75D3EE0619092B53004ABB08 /* CGSize+DKHelper.h */,
				75D3EE0719092B53004ABB08 /* CGSize+DKHelper.m */,
				7577622F19D9F0D200C60D9B /* NSArray+DKHelper.h */,
				7577623019D9F0D200C60D9B /* NSArray+DKHelper.m */,
				7577623419D9FFFA00C60D9B /* UIScreen+DKHelper.h */,
				7577623519D9FFFA00C60D9B /* UIScreen+DKHelper.m */,
				7589C5691B13590800A1B1FB /* UIImage+DKHelper.h */,
				7589C56A1B13590800A1B1FB /* UIImage+DKHelper.m */,
				7577623719DA09B000C60D9B /* NSPredicate+DKHelper.h */,
				7577623819DA09B000C60D9B /* NSPredicate+DKHelper.m */,
				7511F6DC19DABB3C00C29B75 /* DKRegex.h */,
				7511F6DD19DABB3C00C29B75 /* DKRegex.m */,
			);
			name = DKHelper;
			sourceTree = "<group>";
		};
/* End PBXGroup section */

/* Begin PBXNativeTarget section */
		753A286D19070F52006FEF71 /* DKHelper */ = {
			isa = PBXNativeTarget;
			buildConfigurationList = 753A28A019070F53006FEF71 /* Build configuration list for PBXNativeTarget "DKHelper" */;
			buildPhases = (
				753A286A19070F52006FEF71 /* Sources */,
				753A286B19070F52006FEF71 /* Frameworks */,
				753A286C19070F52006FEF71 /* Resources */,
			);
			buildRules = (
			);
			dependencies = (
			);
			name = DKHelper;
			productName = DKHelper;
			productReference = 753A286E19070F52006FEF71 /* DKHelper.app */;
			productType = "com.apple.product-type.application";
		};
		753A288E19070F53006FEF71 /* DKHelperTests */ = {
			isa = PBXNativeTarget;
			buildConfigurationList = 753A28A319070F53006FEF71 /* Build configuration list for PBXNativeTarget "DKHelperTests" */;
			buildPhases = (
				753A288B19070F53006FEF71 /* Sources */,
				753A288C19070F53006FEF71 /* Frameworks */,
				753A288D19070F53006FEF71 /* Resources */,
			);
			buildRules = (
			);
			dependencies = (
				753A289519070F53006FEF71 /* PBXTargetDependency */,
			);
			name = DKHelperTests;
			productName = DKHelperTests;
			productReference = 753A288F19070F53006FEF71 /* DKHelperTests.xctest */;
			productType = "com.apple.product-type.bundle.unit-test";
		};
/* End PBXNativeTarget section */

/* Begin PBXProject section */
		753A286619070F52006FEF71 /* Project object */ = {
			isa = PBXProject;
			attributes = {
				CLASSPREFIX = DK;
				LastUpgradeCheck = 0710;
				ORGANIZATIONNAME = DK;
				TargetAttributes = {
					753A288E19070F53006FEF71 = {
						TestTargetID = 753A286D19070F52006FEF71;
					};
				};
			};
			buildConfigurationList = 753A286919070F52006FEF71 /* Build configuration list for PBXProject "DKHelper" */;
			compatibilityVersion = "Xcode 3.2";
			developmentRegion = English;
			hasScannedForEncodings = 0;
			knownRegions = (
				en,
				Base,
			);
			mainGroup = 753A286519070F52006FEF71;
			productRefGroup = 753A286F19070F52006FEF71 /* Products */;
			projectDirPath = "";
			projectRoot = "";
			targets = (
				753A286D19070F52006FEF71 /* DKHelper */,
				753A288E19070F53006FEF71 /* DKHelperTests */,
			);
		};
/* End PBXProject section */

/* Begin PBXResourcesBuildPhase section */
		753A286C19070F52006FEF71 /* Resources */ = {
			isa = PBXResourcesBuildPhase;
			buildActionMask = 2147483647;
			files = (
				753A288A19070F53006FEF71 /* Images.xcassets in Resources */,
				753A287C19070F53006FEF71 /* InfoPlist.strings in Resources */,
				753A288519070F53006FEF71 /* Main.storyboard in Resources */,
			);
			runOnlyForDeploymentPostprocessing = 0;
		};
		753A288D19070F53006FEF71 /* Resources */ = {
			isa = PBXResourcesBuildPhase;
			buildActionMask = 2147483647;
			files = (
				753A289B19070F53006FEF71 /* InfoPlist.strings in Resources */,
			);
			runOnlyForDeploymentPostprocessing = 0;
		};
/* End PBXResourcesBuildPhase section */

/* Begin PBXSourcesBuildPhase section */
		753A286A19070F52006FEF71 /* Sources */ = {
			isa = PBXSourcesBuildPhase;
			buildActionMask = 2147483647;
			files = (
				754A73401907122200D0D432 /* UIColor+DKHelper.m in Sources */,
				75D3EE0819092B53004ABB08 /* CGSize+DKHelper.m in Sources */,
				75D3EE0B19092BA8004ABB08 /* CGRect+DKHelper.m in Sources */,
				754A7328190710F600D0D432 /* NSString+DKHelper.m in Sources */,
				7577623319D9F85200C60D9B /* DKHelper.m in Sources */,
				7577623919DA09B000C60D9B /* NSPredicate+DKHelper.m in Sources */,
				7577623119D9F0D200C60D9B /* NSArray+DKHelper.m in Sources */,
				75F0AAE5191E552D00B6BDB1 /* UIImageView+DKHelper.m in Sources */,
				753A287E19070F53006FEF71 /* main.m in Sources */,
				753A288819070F53006FEF71 /* DKViewController.m in Sources */,
				754A7324190710F600D0D432 /* UIDevice+DKHelper.m in Sources */,
				754A7329190710F600D0D432 /* UIView+DKHelper.m in Sources */,
				7511F6DE19DABB3C00C29B75 /* DKRegex.m in Sources */,
				7589C56B1B13590800A1B1FB /* UIImage+DKHelper.m in Sources */,
				7589C56F1B135FFD00A1B1FB /* NSBundle+DKHelper.m in Sources */,
				7519D3A6192D3BAE00488AD1 /* NSNumber+DKHelper.m in Sources */,
				7577623619D9FFFA00C60D9B /* UIScreen+DKHelper.m in Sources */,
				753A288219070F53006FEF71 /* DKAppDelegate.m in Sources */,
				754A7327190710F600D0D432 /* NSObject+DKHelper.m in Sources */,
				754A7325190710F600D0D432 /* NSDate+DKHelper.m in Sources */,
			);
			runOnlyForDeploymentPostprocessing = 0;
		};
		753A288B19070F53006FEF71 /* Sources */ = {
			isa = PBXSourcesBuildPhase;
			buildActionMask = 2147483647;
			files = (
				7589C5701B135FFD00A1B1FB /* NSBundle+DKHelper.m in Sources */,
				7589C56C1B13590800A1B1FB /* UIImage+DKHelper.m in Sources */,
				753A289D19070F53006FEF71 /* DKHelperTests.m in Sources */,
			);
			runOnlyForDeploymentPostprocessing = 0;
		};
/* End PBXSourcesBuildPhase section */

/* Begin PBXTargetDependency section */
		753A289519070F53006FEF71 /* PBXTargetDependency */ = {
			isa = PBXTargetDependency;
			target = 753A286D19070F52006FEF71 /* DKHelper */;
			targetProxy = 753A289419070F53006FEF71 /* PBXContainerItemProxy */;
		};
/* End PBXTargetDependency section */

/* Begin PBXVariantGroup section */
		753A287A19070F53006FEF71 /* InfoPlist.strings */ = {
			isa = PBXVariantGroup;
			children = (
				753A287B19070F53006FEF71 /* en */,
			);
			name = InfoPlist.strings;
			sourceTree = "<group>";
		};
		753A288319070F53006FEF71 /* Main.storyboard */ = {
			isa = PBXVariantGroup;
			children = (
				753A288419070F53006FEF71 /* Base */,
			);
			name = Main.storyboard;
			sourceTree = "<group>";
		};
		753A289919070F53006FEF71 /* InfoPlist.strings */ = {
			isa = PBXVariantGroup;
			children = (
				753A289A19070F53006FEF71 /* en */,
			);
			name = InfoPlist.strings;
			sourceTree = "<group>";
		};
/* End PBXVariantGroup section */

/* Begin XCBuildConfiguration section */
		753A289E19070F53006FEF71 /* Debug */ = {
			isa = XCBuildConfiguration;
			buildSettings = {
				ALWAYS_SEARCH_USER_PATHS = NO;
				CLANG_CXX_LANGUAGE_STANDARD = "gnu++0x";
				CLANG_CXX_LIBRARY = "libc++";
				CLANG_ENABLE_MODULES = YES;
				CLANG_ENABLE_OBJC_ARC = YES;
				CLANG_WARN_BOOL_CONVERSION = YES;
				CLANG_WARN_CONSTANT_CONVERSION = YES;
				CLANG_WARN_DIRECT_OBJC_ISA_USAGE = YES_ERROR;
				CLANG_WARN_EMPTY_BODY = YES;
				CLANG_WARN_ENUM_CONVERSION = YES;
				CLANG_WARN_INT_CONVERSION = YES;
				CLANG_WARN_OBJC_ROOT_CLASS = YES_ERROR;
				CLANG_WARN__DUPLICATE_METHOD_MATCH = YES;
				"CODE_SIGN_IDENTITY[sdk=iphoneos*]" = "iPhone Developer";
				COPY_PHASE_STRIP = NO;
				ENABLE_TESTABILITY = YES;
				GCC_C_LANGUAGE_STANDARD = gnu99;
				GCC_DYNAMIC_NO_PIC = NO;
				GCC_OPTIMIZATION_LEVEL = 0;
				GCC_PREPROCESSOR_DEFINITIONS = (
					"DEBUG=1",
					"$(inherited)",
				);
				GCC_SYMBOLS_PRIVATE_EXTERN = NO;
				GCC_WARN_64_TO_32_BIT_CONVERSION = YES;
				GCC_WARN_ABOUT_RETURN_TYPE = YES_ERROR;
				GCC_WARN_UNDECLARED_SELECTOR = YES;
				GCC_WARN_UNINITIALIZED_AUTOS = YES;
				GCC_WARN_UNUSED_FUNCTION = YES;
				GCC_WARN_UNUSED_VARIABLE = YES;
				IPHONEOS_DEPLOYMENT_TARGET = 7.0;
				ONLY_ACTIVE_ARCH = YES;
				SDKROOT = iphoneos;
			};
			name = Debug;
		};
		753A289F19070F53006FEF71 /* Release */ = {
			isa = XCBuildConfiguration;
			buildSettings = {
				ALWAYS_SEARCH_USER_PATHS = NO;
				CLANG_CXX_LANGUAGE_STANDARD = "gnu++0x";
				CLANG_CXX_LIBRARY = "libc++";
				CLANG_ENABLE_MODULES = YES;
				CLANG_ENABLE_OBJC_ARC = YES;
				CLANG_WARN_BOOL_CONVERSION = YES;
				CLANG_WARN_CONSTANT_CONVERSION = YES;
				CLANG_WARN_DIRECT_OBJC_ISA_USAGE = YES_ERROR;
				CLANG_WARN_EMPTY_BODY = YES;
				CLANG_WARN_ENUM_CONVERSION = YES;
				CLANG_WARN_INT_CONVERSION = YES;
				CLANG_WARN_OBJC_ROOT_CLASS = YES_ERROR;
				CLANG_WARN__DUPLICATE_METHOD_MATCH = YES;
				"CODE_SIGN_IDENTITY[sdk=iphoneos*]" = "iPhone Developer";
				COPY_PHASE_STRIP = YES;
				ENABLE_NS_ASSERTIONS = NO;
				GCC_C_LANGUAGE_STANDARD = gnu99;
				GCC_WARN_64_TO_32_BIT_CONVERSION = YES;
				GCC_WARN_ABOUT_RETURN_TYPE = YES_ERROR;
				GCC_WARN_UNDECLARED_SELECTOR = YES;
				GCC_WARN_UNINITIALIZED_AUTOS = YES;
				GCC_WARN_UNUSED_FUNCTION = YES;
				GCC_WARN_UNUSED_VARIABLE = YES;
				IPHONEOS_DEPLOYMENT_TARGET = 7.0;
				SDKROOT = iphoneos;
				VALIDATE_PRODUCT = YES;
			};
			name = Release;
		};
		753A28A119070F53006FEF71 /* Debug */ = {
			isa = XCBuildConfiguration;
			buildSettings = {
				ASSETCATALOG_COMPILER_APPICON_NAME = AppIcon;
				ASSETCATALOG_COMPILER_LAUNCHIMAGE_NAME = LaunchImage;
				GCC_PRECOMPILE_PREFIX_HEADER = YES;
				GCC_PREFIX_HEADER = "DKHelper/DKHelper-Prefix.pch";
				INFOPLIST_FILE = "DKHelper/DKHelper-Info.plist";
				IPHONEOS_DEPLOYMENT_TARGET = 7.1;
				PRODUCT_BUNDLE_IDENTIFIER = "com.kevindelord.${PRODUCT_NAME:rfc1034identifier}";
				PRODUCT_NAME = "$(TARGET_NAME)";
				WRAPPER_EXTENSION = app;
			};
			name = Debug;
		};
		753A28A219070F53006FEF71 /* Release */ = {
			isa = XCBuildConfiguration;
			buildSettings = {
				ASSETCATALOG_COMPILER_APPICON_NAME = AppIcon;
				ASSETCATALOG_COMPILER_LAUNCHIMAGE_NAME = LaunchImage;
				GCC_PRECOMPILE_PREFIX_HEADER = YES;
				GCC_PREFIX_HEADER = "DKHelper/DKHelper-Prefix.pch";
				INFOPLIST_FILE = "DKHelper/DKHelper-Info.plist";
				IPHONEOS_DEPLOYMENT_TARGET = 7.1;
				PRODUCT_BUNDLE_IDENTIFIER = "com.kevindelord.${PRODUCT_NAME:rfc1034identifier}";
				PRODUCT_NAME = "$(TARGET_NAME)";
				WRAPPER_EXTENSION = app;
			};
			name = Release;
		};
		753A28A419070F53006FEF71 /* Debug */ = {
			isa = XCBuildConfiguration;
			buildSettings = {
				BUNDLE_LOADER = "$(BUILT_PRODUCTS_DIR)/DKHelper.app/DKHelper";
				FRAMEWORK_SEARCH_PATHS = (
					"$(SDKROOT)/Developer/Library/Frameworks",
					"$(inherited)",
					"$(DEVELOPER_FRAMEWORKS_DIR)",
				);
				GCC_PRECOMPILE_PREFIX_HEADER = YES;
				GCC_PREFIX_HEADER = "DKHelper/DKHelper-Prefix.pch";
				GCC_PREPROCESSOR_DEFINITIONS = (
					"DEBUG=1",
					"$(inherited)",
				);
				INFOPLIST_FILE = "DKHelperTests/DKHelperTests-Info.plist";
				PRODUCT_BUNDLE_IDENTIFIER = "com.kevindelord.${PRODUCT_NAME:rfc1034identifier}";
				PRODUCT_NAME = "$(TARGET_NAME)";
				TEST_HOST = "$(BUNDLE_LOADER)";
				WRAPPER_EXTENSION = xctest;
			};
			name = Debug;
		};
		753A28A519070F53006FEF71 /* Release */ = {
			isa = XCBuildConfiguration;
			buildSettings = {
				BUNDLE_LOADER = "$(BUILT_PRODUCTS_DIR)/DKHelper.app/DKHelper";
				FRAMEWORK_SEARCH_PATHS = (
					"$(SDKROOT)/Developer/Library/Frameworks",
					"$(inherited)",
					"$(DEVELOPER_FRAMEWORKS_DIR)",
				);
				GCC_PRECOMPILE_PREFIX_HEADER = YES;
				GCC_PREFIX_HEADER = "DKHelper/DKHelper-Prefix.pch";
				INFOPLIST_FILE = "DKHelperTests/DKHelperTests-Info.plist";
				PRODUCT_BUNDLE_IDENTIFIER = "com.kevindelord.${PRODUCT_NAME:rfc1034identifier}";
				PRODUCT_NAME = "$(TARGET_NAME)";
				TEST_HOST = "$(BUNDLE_LOADER)";
				WRAPPER_EXTENSION = xctest;
			};
			name = Release;
		};
/* End XCBuildConfiguration section */

/* Begin XCConfigurationList section */
		753A286919070F52006FEF71 /* Build configuration list for PBXProject "DKHelper" */ = {
			isa = XCConfigurationList;
			buildConfigurations = (
				753A289E19070F53006FEF71 /* Debug */,
				753A289F19070F53006FEF71 /* Release */,
			);
			defaultConfigurationIsVisible = 0;
			defaultConfigurationName = Release;
		};
		753A28A019070F53006FEF71 /* Build configuration list for PBXNativeTarget "DKHelper" */ = {
			isa = XCConfigurationList;
			buildConfigurations = (
				753A28A119070F53006FEF71 /* Debug */,
				753A28A219070F53006FEF71 /* Release */,
			);
			defaultConfigurationIsVisible = 0;
			defaultConfigurationName = Release;
		};
		753A28A319070F53006FEF71 /* Build configuration list for PBXNativeTarget "DKHelperTests" */ = {
			isa = XCConfigurationList;
			buildConfigurations = (
				753A28A419070F53006FEF71 /* Debug */,
				753A28A519070F53006FEF71 /* Release */,
			);
			defaultConfigurationIsVisible = 0;
			defaultConfigurationName = Release;
		};
/* End XCConfigurationList section */
	};
	rootObject = 753A286619070F52006FEF71 /* Project object */;
}
